// !$*UTF8*$!
{
	archiveVersion = 1;
	classes = {
	};
	objectVersion = 46;
	objects = {

/* Begin PBXBuildFile section */
		185E1C64200204F9005CFAAE /* SocketTool.m in Sources */ = {isa = PBXBuildFile; fileRef = 185E1C63200204F9005CFAAE /* SocketTool.m */; };
		185E1C69200262B1005CFAAE /* CollectTableViewCell.m in Sources */ = {isa = PBXBuildFile; fileRef = 185E1C67200262B1005CFAAE /* CollectTableViewCell.m */; };
		185E1C6A200262B1005CFAAE /* CollectTableViewCell.xib in Resources */ = {isa = PBXBuildFile; fileRef = 185E1C68200262B1005CFAAE /* CollectTableViewCell.xib */; };
		1873E905208633CF003D8B39 /* UIColor+ConvertColor.m in Sources */ = {isa = PBXBuildFile; fileRef = 1873E903208633CF003D8B39 /* UIColor+ConvertColor.m */; };
		1873E90920863A2D003D8B39 /* CarInfoViewController.m in Sources */ = {isa = PBXBuildFile; fileRef = 1873E90720863A2D003D8B39 /* CarInfoViewController.m */; };
		1873E90A20863A2D003D8B39 /* CarInfoViewController.xib in Resources */ = {isa = PBXBuildFile; fileRef = 1873E90820863A2D003D8B39 /* CarInfoViewController.xib */; };
		1873E90E2088F3D6003D8B39 /* User.m in Sources */ = {isa = PBXBuildFile; fileRef = 1873E90D2088F3D6003D8B39 /* User.m */; };
		1873E9122088F46B003D8B39 /* Car.m in Sources */ = {isa = PBXBuildFile; fileRef = 1873E9112088F46B003D8B39 /* Car.m */; };
		1873E92A208AE3F4003D8B39 /* MJPropertyType.m in Sources */ = {isa = PBXBuildFile; fileRef = 1873E917208AE3F4003D8B39 /* MJPropertyType.m */; };
		1873E92B208AE3F4003D8B39 /* NSObject+MJKeyValue.m in Sources */ = {isa = PBXBuildFile; fileRef = 1873E91A208AE3F4003D8B39 /* NSObject+MJKeyValue.m */; };
		1873E92C208AE3F4003D8B39 /* MJProperty.m in Sources */ = {isa = PBXBuildFile; fileRef = 1873E91B208AE3F4003D8B39 /* MJProperty.m */; };
		1873E92D208AE3F4003D8B39 /* NSObject+MJCoding.m in Sources */ = {isa = PBXBuildFile; fileRef = 1873E91D208AE3F4003D8B39 /* NSObject+MJCoding.m */; };
		1873E92E208AE3F4003D8B39 /* MJExtensionConst.m in Sources */ = {isa = PBXBuildFile; fileRef = 1873E91F208AE3F4003D8B39 /* MJExtensionConst.m */; };
		1873E92F208AE3F4003D8B39 /* NSObject+MJProperty.m in Sources */ = {isa = PBXBuildFile; fileRef = 1873E920208AE3F4003D8B39 /* NSObject+MJProperty.m */; };
		1873E930208AE3F4003D8B39 /* NSObject+MJClass.m in Sources */ = {isa = PBXBuildFile; fileRef = 1873E922208AE3F4003D8B39 /* NSObject+MJClass.m */; };
		1873E931208AE3F4003D8B39 /* NSString+MJExtension.m in Sources */ = {isa = PBXBuildFile; fileRef = 1873E923208AE3F4003D8B39 /* NSString+MJExtension.m */; };
		1873E932208AE3F4003D8B39 /* MJPropertyKey.m in Sources */ = {isa = PBXBuildFile; fileRef = 1873E924208AE3F4003D8B39 /* MJPropertyKey.m */; };
		1873E933208AE3F4003D8B39 /* Info.plist in Resources */ = {isa = PBXBuildFile; fileRef = 1873E928208AE3F4003D8B39 /* Info.plist */; };
		1873E934208AE3F4003D8B39 /* MJFoundation.m in Sources */ = {isa = PBXBuildFile; fileRef = 1873E929208AE3F4003D8B39 /* MJFoundation.m */; };
		1873E938208B0CE6003D8B39 /* YSLoopBanner.m in Sources */ = {isa = PBXBuildFile; fileRef = 1873E936208B0CE5003D8B39 /* YSLoopBanner.m */; };
		1873E93C208B1FA7003D8B39 /* AuthentificationViewController.m in Sources */ = {isa = PBXBuildFile; fileRef = 1873E93A208B1FA7003D8B39 /* AuthentificationViewController.m */; };
		1873E93D208B1FA7003D8B39 /* AuthentificationViewController.xib in Resources */ = {isa = PBXBuildFile; fileRef = 1873E93B208B1FA7003D8B39 /* AuthentificationViewController.xib */; };
		1873E95C208B2891003D8B39 /* TZImageCropManager.m in Sources */ = {isa = PBXBuildFile; fileRef = 1873E941208B2890003D8B39 /* TZImageCropManager.m */; };
		1873E95D208B2891003D8B39 /* TZAssetCell.m in Sources */ = {isa = PBXBuildFile; fileRef = 1873E943208B2890003D8B39 /* TZAssetCell.m */; };
		1873E95E208B2891003D8B39 /* TZVideoPlayerController.m in Sources */ = {isa = PBXBuildFile; fileRef = 1873E944208B2890003D8B39 /* TZVideoPlayerController.m */; };
		1873E95F208B2891003D8B39 /* TZAssetModel.m in Sources */ = {isa = PBXBuildFile; fileRef = 1873E945208B2890003D8B39 /* TZAssetModel.m */; };
		1873E960208B2891003D8B39 /* NSBundle+TZImagePicker.m in Sources */ = {isa = PBXBuildFile; fileRef = 1873E946208B2890003D8B39 /* NSBundle+TZImagePicker.m */; };
		1873E961208B2891003D8B39 /* UIView+Layout.m in Sources */ = {isa = PBXBuildFile; fileRef = 1873E949208B2890003D8B39 /* UIView+Layout.m */; };
		1873E962208B2891003D8B39 /* TZPhotoPreviewController.m in Sources */ = {isa = PBXBuildFile; fileRef = 1873E94A208B2890003D8B39 /* TZPhotoPreviewController.m */; };
		1873E963208B2891003D8B39 /* TZImagePickerController.bundle in Resources */ = {isa = PBXBuildFile; fileRef = 1873E94B208B2890003D8B39 /* TZImagePickerController.bundle */; };
		1873E964208B2891003D8B39 /* TZProgressView.m in Sources */ = {isa = PBXBuildFile; fileRef = 1873E94C208B2890003D8B39 /* TZProgressView.m */; };
		1873E965208B2891003D8B39 /* TZImageManager.m in Sources */ = {isa = PBXBuildFile; fileRef = 1873E94F208B2890003D8B39 /* TZImageManager.m */; };
		1873E966208B2891003D8B39 /* TZPhotoPickerController.m in Sources */ = {isa = PBXBuildFile; fileRef = 1873E951208B2890003D8B39 /* TZPhotoPickerController.m */; };
		1873E967208B2891003D8B39 /* TZPhotoPreviewCell.m in Sources */ = {isa = PBXBuildFile; fileRef = 1873E952208B2890003D8B39 /* TZPhotoPreviewCell.m */; };
		1873E968208B2891003D8B39 /* TZImagePickerController.m in Sources */ = {isa = PBXBuildFile; fileRef = 1873E958208B2890003D8B39 /* TZImagePickerController.m */; };
		1873E969208B2891003D8B39 /* TZLocationManager.m in Sources */ = {isa = PBXBuildFile; fileRef = 1873E959208B2890003D8B39 /* TZLocationManager.m */; };
		1873E96A208B2891003D8B39 /* TZGifPhotoPreviewController.m in Sources */ = {isa = PBXBuildFile; fileRef = 1873E95A208B2890003D8B39 /* TZGifPhotoPreviewController.m */; };
		1873E970208B319E003D8B39 /* noPicture.png in Resources */ = {isa = PBXBuildFile; fileRef = 1873E96F208B319E003D8B39 /* noPicture.png */; };
		1873E973208B7280003D8B39 /* HCArchive.m in Sources */ = {isa = PBXBuildFile; fileRef = 1873E972208B7280003D8B39 /* HCArchive.m */; };
		1873E99C208CDE97003D8B39 /* SelectionCalandarViewController.m in Sources */ = {isa = PBXBuildFile; fileRef = 1873E99A208CDE97003D8B39 /* SelectionCalandarViewController.m */; };
		1873E99D208CDE97003D8B39 /* SelectionCalandarViewController.xib in Resources */ = {isa = PBXBuildFile; fileRef = 1873E99B208CDE97003D8B39 /* SelectionCalandarViewController.xib */; };
		1873E9C3208CDF27003D8B39 /* JTCalendarSettings.m in Sources */ = {isa = PBXBuildFile; fileRef = 1873E99F208CDF27003D8B39 /* JTCalendarSettings.m */; };
		1873E9C4208CDF27003D8B39 /* JTDateHelper.m in Sources */ = {isa = PBXBuildFile; fileRef = 1873E9A0208CDF27003D8B39 /* JTDateHelper.m */; };
		1873E9C5208CDF27003D8B39 /* JTCalendarScrollManager.m in Sources */ = {isa = PBXBuildFile; fileRef = 1873E9A6208CDF27003D8B39 /* JTCalendarScrollManager.m */; };
		1873E9C6208CDF27003D8B39 /* JTCalendarDelegateManager.m in Sources */ = {isa = PBXBuildFile; fileRef = 1873E9A7208CDF27003D8B39 /* JTCalendarDelegateManager.m */; };
		1873E9C7208CDF27003D8B39 /* JTCalendarManager.m in Sources */ = {isa = PBXBuildFile; fileRef = 1873E9A9208CDF27003D8B39 /* JTCalendarManager.m */; };
		1873E9C8208CDF27003D8B39 /* JTVerticalCalendarView.m in Sources */ = {isa = PBXBuildFile; fileRef = 1873E9AE208CDF27003D8B39 /* JTVerticalCalendarView.m */; };
		1873E9C9208CDF27003D8B39 /* JTCalendarWeekDayView.m in Sources */ = {isa = PBXBuildFile; fileRef = 1873E9B1208CDF27003D8B39 /* JTCalendarWeekDayView.m */; };
		1873E9CA208CDF27003D8B39 /* JTHorizontalCalendarView.m in Sources */ = {isa = PBXBuildFile; fileRef = 1873E9B3208CDF27003D8B39 /* JTHorizontalCalendarView.m */; };
		1873E9CB208CDF27003D8B39 /* JTCalendarWeekView.m in Sources */ = {isa = PBXBuildFile; fileRef = 1873E9B4208CDF27003D8B39 /* JTCalendarWeekView.m */; };
		1873E9CC208CDF27003D8B39 /* JTCalendarDayView.m in Sources */ = {isa = PBXBuildFile; fileRef = 1873E9B6208CDF27003D8B39 /* JTCalendarDayView.m */; };
		1873E9CD208CDF27003D8B39 /* JTCalendarPageView.m in Sources */ = {isa = PBXBuildFile; fileRef = 1873E9B7208CDF27003D8B39 /* JTCalendarPageView.m */; };
		1873E9CE208CDF27003D8B39 /* JTCalendarMenuView.m in Sources */ = {isa = PBXBuildFile; fileRef = 1873E9B9208CDF27003D8B39 /* JTCalendarMenuView.m */; };
		1873E9CF208CDF27003D8B39 /* Info.plist in Resources */ = {isa = PBXBuildFile; fileRef = 1873E9C2208CDF27003D8B39 /* Info.plist */; };
		1879BED1200201B500C938EC /* AFHTTPSessionManager.m in Sources */ = {isa = PBXBuildFile; fileRef = 1879BEC5200201B500C938EC /* AFHTTPSessionManager.m */; };
		1879BED2200201B500C938EC /* AFNetworkReachabilityManager.m in Sources */ = {isa = PBXBuildFile; fileRef = 1879BEC8200201B500C938EC /* AFNetworkReachabilityManager.m */; };
		1879BED3200201B500C938EC /* AFSecurityPolicy.m in Sources */ = {isa = PBXBuildFile; fileRef = 1879BECA200201B500C938EC /* AFSecurityPolicy.m */; };
		1879BED4200201B500C938EC /* AFURLRequestSerialization.m in Sources */ = {isa = PBXBuildFile; fileRef = 1879BECC200201B500C938EC /* AFURLRequestSerialization.m */; };
		1879BED5200201B500C938EC /* AFURLResponseSerialization.m in Sources */ = {isa = PBXBuildFile; fileRef = 1879BECE200201B500C938EC /* AFURLResponseSerialization.m */; };
		1879BED6200201B500C938EC /* AFURLSessionManager.m in Sources */ = {isa = PBXBuildFile; fileRef = 1879BED0200201B500C938EC /* AFURLSessionManager.m */; };
		1879BEFA2002035800C938EC /* ChoiceViewController.m in Sources */ = {isa = PBXBuildFile; fileRef = 1879BEDA2002035800C938EC /* ChoiceViewController.m */; };
		1879BEFB2002035800C938EC /* ChoiceViewController.xib in Resources */ = {isa = PBXBuildFile; fileRef = 1879BEDB2002035800C938EC /* ChoiceViewController.xib */; };
		1879BEFC2002035800C938EC /* RecomendTableViewCell.m in Sources */ = {isa = PBXBuildFile; fileRef = 1879BEDD2002035800C938EC /* RecomendTableViewCell.m */; };
		1879BEFD2002035800C938EC /* RecomendTableViewCell.xib in Resources */ = {isa = PBXBuildFile; fileRef = 1879BEDE2002035800C938EC /* RecomendTableViewCell.xib */; };
		1879BEFE2002035800C938EC /* CollectViewController.m in Sources */ = {isa = PBXBuildFile; fileRef = 1879BEE12002035800C938EC /* CollectViewController.m */; };
		1879BEFF2002035800C938EC /* CollectViewController.xib in Resources */ = {isa = PBXBuildFile; fileRef = 1879BEE22002035800C938EC /* CollectViewController.xib */; };
		1879BF002002035800C938EC /* ChoiceCityViewController.m in Sources */ = {isa = PBXBuildFile; fileRef = 1879BEE52002035800C938EC /* ChoiceCityViewController.m */; };
		1879BF012002035800C938EC /* ChoiceCityViewController.xib in Resources */ = {isa = PBXBuildFile; fileRef = 1879BEE62002035800C938EC /* ChoiceCityViewController.xib */; };
		1879BF022002035800C938EC /* FindingViewController.m in Sources */ = {isa = PBXBuildFile; fileRef = 1879BEE82002035800C938EC /* FindingViewController.m */; };
		1879BF032002035800C938EC /* FindingViewController.xib in Resources */ = {isa = PBXBuildFile; fileRef = 1879BEE92002035800C938EC /* FindingViewController.xib */; };
		1879BF042002035800C938EC /* LoginInputView.m in Sources */ = {isa = PBXBuildFile; fileRef = 1879BEEC2002035800C938EC /* LoginInputView.m */; };
		1879BF052002035800C938EC /* LoginViewController.m in Sources */ = {isa = PBXBuildFile; fileRef = 1879BEEE2002035800C938EC /* LoginViewController.m */; };
		1879BF062002035800C938EC /* MineViewController.m in Sources */ = {isa = PBXBuildFile; fileRef = 1879BEF12002035800C938EC /* MineViewController.m */; };
		1879BF072002035800C938EC /* MineViewController.xib in Resources */ = {isa = PBXBuildFile; fileRef = 1879BEF22002035800C938EC /* MineViewController.xib */; };
		1879BF082002035800C938EC /* OrderTableViewCell.m in Sources */ = {isa = PBXBuildFile; fileRef = 1879BEF52002035800C938EC /* OrderTableViewCell.m */; };
		1879BF092002035800C938EC /* OrderTableViewCell.xib in Resources */ = {isa = PBXBuildFile; fileRef = 1879BEF62002035800C938EC /* OrderTableViewCell.xib */; };
		1879BF0A2002035800C938EC /* OrderViewController.m in Sources */ = {isa = PBXBuildFile; fileRef = 1879BEF82002035800C938EC /* OrderViewController.m */; };
		1879BF0B2002035800C938EC /* OrderViewController.xib in Resources */ = {isa = PBXBuildFile; fileRef = 1879BEF92002035800C938EC /* OrderViewController.xib */; };
		18886DDE1FE95F0E00851BD2 /* main.m in Sources */ = {isa = PBXBuildFile; fileRef = 18886DDD1FE95F0E00851BD2 /* main.m */; };
		18886DE11FE95F0E00851BD2 /* AppDelegate.m in Sources */ = {isa = PBXBuildFile; fileRef = 18886DE01FE95F0E00851BD2 /* AppDelegate.m */; };
		18886DE41FE95F0E00851BD2 /* ViewController.m in Sources */ = {isa = PBXBuildFile; fileRef = 18886DE31FE95F0E00851BD2 /* ViewController.m */; };
		18886DE71FE95F0E00851BD2 /* Main.storyboard in Resources */ = {isa = PBXBuildFile; fileRef = 18886DE51FE95F0E00851BD2 /* Main.storyboard */; };
		18886DE91FE95F0E00851BD2 /* Assets.xcassets in Resources */ = {isa = PBXBuildFile; fileRef = 18886DE81FE95F0E00851BD2 /* Assets.xcassets */; };
		18886DEC1FE95F0E00851BD2 /* LaunchScreen.storyboard in Resources */ = {isa = PBXBuildFile; fileRef = 18886DEA1FE95F0E00851BD2 /* LaunchScreen.storyboard */; };
		18886DFF1FEAC4DC00851BD2 /* index.jpg in Resources */ = {isa = PBXBuildFile; fileRef = 18886DFE1FEAC4DC00851BD2 /* index.jpg */; };
		18CE85C020935F3E00B97C23 /* AlipaySDK.framework in Frameworks */ = {isa = PBXBuildFile; fileRef = 18CE85BE20935F3E00B97C23 /* AlipaySDK.framework */; };
		18CE85C120935F3F00B97C23 /* AlipaySDK.bundle in Resources */ = {isa = PBXBuildFile; fileRef = 18CE85BF20935F3E00B97C23 /* AlipaySDK.bundle */; };
		18CE85C42093606700B97C23 /* CoreMotion.framework in Frameworks */ = {isa = PBXBuildFile; fileRef = 18CE85C32093606700B97C23 /* CoreMotion.framework */; };
		18CE85C62093607000B97C23 /* CFNetwork.framework in Frameworks */ = {isa = PBXBuildFile; fileRef = 18CE85C52093607000B97C23 /* CFNetwork.framework */; };
		18CE85C82093607C00B97C23 /* CoreGraphics.framework in Frameworks */ = {isa = PBXBuildFile; fileRef = 18CE85C72093607C00B97C23 /* CoreGraphics.framework */; };
		18CE85CA2093608D00B97C23 /* CoreText.framework in Frameworks */ = {isa = PBXBuildFile; fileRef = 18CE85C92093608D00B97C23 /* CoreText.framework */; };
		18CE85CC2093609800B97C23 /* CoreTelephony.framework in Frameworks */ = {isa = PBXBuildFile; fileRef = 18CE85CB2093609800B97C23 /* CoreTelephony.framework */; };
		18CE85CE209360A300B97C23 /* QuartzCore.framework in Frameworks */ = {isa = PBXBuildFile; fileRef = 18CE85CD209360A300B97C23 /* QuartzCore.framework */; };
		18CE85D0209360B200B97C23 /* SystemConfiguration.framework in Frameworks */ = {isa = PBXBuildFile; fileRef = 18CE85CF209360B200B97C23 /* SystemConfiguration.framework */; };
		18CE85D2209360BB00B97C23 /* libz.tbd in Frameworks */ = {isa = PBXBuildFile; fileRef = 18CE85D1209360BB00B97C23 /* libz.tbd */; };
		18CE85D4209360C700B97C23 /* libc++.tbd in Frameworks */ = {isa = PBXBuildFile; fileRef = 18CE85D3209360C700B97C23 /* libc++.tbd */; };
		18CE85D72098AC6600B97C23 /* Order.m in Sources */ = {isa = PBXBuildFile; fileRef = 18CE85D62098AC6600B97C23 /* Order.m */; };
/* End PBXBuildFile section */

/* Begin PBXFileReference section */
		185E1C62200204F9005CFAAE /* SocketTool.h */ = {isa = PBXFileReference; fileEncoding = 4; lastKnownFileType = sourcecode.c.h; path = SocketTool.h; sourceTree = "<group>"; };
		185E1C63200204F9005CFAAE /* SocketTool.m */ = {isa = PBXFileReference; fileEncoding = 4; lastKnownFileType = sourcecode.c.objc; path = SocketTool.m; sourceTree = "<group>"; };
		185E1C66200262B1005CFAAE /* CollectTableViewCell.h */ = {isa = PBXFileReference; fileEncoding = 4; lastKnownFileType = sourcecode.c.h; path = CollectTableViewCell.h; sourceTree = "<group>"; };
		185E1C67200262B1005CFAAE /* CollectTableViewCell.m */ = {isa = PBXFileReference; fileEncoding = 4; lastKnownFileType = sourcecode.c.objc; path = CollectTableViewCell.m; sourceTree = "<group>"; };
		185E1C68200262B1005CFAAE /* CollectTableViewCell.xib */ = {isa = PBXFileReference; fileEncoding = 4; lastKnownFileType = file.xib; path = CollectTableViewCell.xib; sourceTree = "<group>"; };
		1873E903208633CF003D8B39 /* UIColor+ConvertColor.m */ = {isa = PBXFileReference; fileEncoding = 4; lastKnownFileType = sourcecode.c.objc; path = "UIColor+ConvertColor.m"; sourceTree = "<group>"; };
		1873E904208633CF003D8B39 /* UIColor+ConvertColor.h */ = {isa = PBXFileReference; fileEncoding = 4; lastKnownFileType = sourcecode.c.h; path = "UIColor+ConvertColor.h"; sourceTree = "<group>"; };
		1873E90620863A2D003D8B39 /* CarInfoViewController.h */ = {isa = PBXFileReference; lastKnownFileType = sourcecode.c.h; path = CarInfoViewController.h; sourceTree = "<group>"; };
		1873E90720863A2D003D8B39 /* CarInfoViewController.m */ = {isa = PBXFileReference; lastKnownFileType = sourcecode.c.objc; path = CarInfoViewController.m; sourceTree = "<group>"; };
		1873E90820863A2D003D8B39 /* CarInfoViewController.xib */ = {isa = PBXFileReference; lastKnownFileType = file.xib; path = CarInfoViewController.xib; sourceTree = "<group>"; };
		1873E90C2088F3D6003D8B39 /* User.h */ = {isa = PBXFileReference; lastKnownFileType = sourcecode.c.h; path = User.h; sourceTree = "<group>"; };
		1873E90D2088F3D6003D8B39 /* User.m */ = {isa = PBXFileReference; lastKnownFileType = sourcecode.c.objc; path = User.m; sourceTree = "<group>"; };
		1873E9102088F46B003D8B39 /* Car.h */ = {isa = PBXFileReference; lastKnownFileType = sourcecode.c.h; path = Car.h; sourceTree = "<group>"; };
		1873E9112088F46B003D8B39 /* Car.m */ = {isa = PBXFileReference; lastKnownFileType = sourcecode.c.objc; path = Car.m; sourceTree = "<group>"; };
		1873E914208AE3F4003D8B39 /* MJPropertyKey.h */ = {isa = PBXFileReference; fileEncoding = 4; lastKnownFileType = sourcecode.c.h; path = MJPropertyKey.h; sourceTree = "<group>"; };
		1873E915208AE3F4003D8B39 /* NSObject+MJClass.h */ = {isa = PBXFileReference; fileEncoding = 4; lastKnownFileType = sourcecode.c.h; path = "NSObject+MJClass.h"; sourceTree = "<group>"; };
		1873E916208AE3F4003D8B39 /* NSString+MJExtension.h */ = {isa = PBXFileReference; fileEncoding = 4; lastKnownFileType = sourcecode.c.h; path = "NSString+MJExtension.h"; sourceTree = "<group>"; };
		1873E917208AE3F4003D8B39 /* MJPropertyType.m */ = {isa = PBXFileReference; fileEncoding = 4; lastKnownFileType = sourcecode.c.objc; path = MJPropertyType.m; sourceTree = "<group>"; };
		1873E918208AE3F4003D8B39 /* NSObject+MJProperty.h */ = {isa = PBXFileReference; fileEncoding = 4; lastKnownFileType = sourcecode.c.h; path = "NSObject+MJProperty.h"; sourceTree = "<group>"; };
		1873E919208AE3F4003D8B39 /* MJExtensionConst.h */ = {isa = PBXFileReference; fileEncoding = 4; lastKnownFileType = sourcecode.c.h; path = MJExtensionConst.h; sourceTree = "<group>"; };
		1873E91A208AE3F4003D8B39 /* NSObject+MJKeyValue.m */ = {isa = PBXFileReference; fileEncoding = 4; lastKnownFileType = sourcecode.c.objc; path = "NSObject+MJKeyValue.m"; sourceTree = "<group>"; };
		1873E91B208AE3F4003D8B39 /* MJProperty.m */ = {isa = PBXFileReference; fileEncoding = 4; lastKnownFileType = sourcecode.c.objc; path = MJProperty.m; sourceTree = "<group>"; };
		1873E91C208AE3F4003D8B39 /* MJFoundation.h */ = {isa = PBXFileReference; fileEncoding = 4; lastKnownFileType = sourcecode.c.h; path = MJFoundation.h; sourceTree = "<group>"; };
		1873E91D208AE3F4003D8B39 /* NSObject+MJCoding.m */ = {isa = PBXFileReference; fileEncoding = 4; lastKnownFileType = sourcecode.c.objc; path = "NSObject+MJCoding.m"; sourceTree = "<group>"; };
		1873E91E208AE3F4003D8B39 /* MJExtension.h */ = {isa = PBXFileReference; fileEncoding = 4; lastKnownFileType = sourcecode.c.h; path = MJExtension.h; sourceTree = "<group>"; };
		1873E91F208AE3F4003D8B39 /* MJExtensionConst.m */ = {isa = PBXFileReference; fileEncoding = 4; lastKnownFileType = sourcecode.c.objc; path = MJExtensionConst.m; sourceTree = "<group>"; };
		1873E920208AE3F4003D8B39 /* NSObject+MJProperty.m */ = {isa = PBXFileReference; fileEncoding = 4; lastKnownFileType = sourcecode.c.objc; path = "NSObject+MJProperty.m"; sourceTree = "<group>"; };
		1873E921208AE3F4003D8B39 /* MJPropertyType.h */ = {isa = PBXFileReference; fileEncoding = 4; lastKnownFileType = sourcecode.c.h; path = MJPropertyType.h; sourceTree = "<group>"; };
		1873E922208AE3F4003D8B39 /* NSObject+MJClass.m */ = {isa = PBXFileReference; fileEncoding = 4; lastKnownFileType = sourcecode.c.objc; path = "NSObject+MJClass.m"; sourceTree = "<group>"; };
		1873E923208AE3F4003D8B39 /* NSString+MJExtension.m */ = {isa = PBXFileReference; fileEncoding = 4; lastKnownFileType = sourcecode.c.objc; path = "NSString+MJExtension.m"; sourceTree = "<group>"; };
		1873E924208AE3F4003D8B39 /* MJPropertyKey.m */ = {isa = PBXFileReference; fileEncoding = 4; lastKnownFileType = sourcecode.c.objc; path = MJPropertyKey.m; sourceTree = "<group>"; };
		1873E925208AE3F4003D8B39 /* MJProperty.h */ = {isa = PBXFileReference; fileEncoding = 4; lastKnownFileType = sourcecode.c.h; path = MJProperty.h; sourceTree = "<group>"; };
		1873E926208AE3F4003D8B39 /* NSObject+MJKeyValue.h */ = {isa = PBXFileReference; fileEncoding = 4; lastKnownFileType = sourcecode.c.h; path = "NSObject+MJKeyValue.h"; sourceTree = "<group>"; };
		1873E927208AE3F4003D8B39 /* NSObject+MJCoding.h */ = {isa = PBXFileReference; fileEncoding = 4; lastKnownFileType = sourcecode.c.h; path = "NSObject+MJCoding.h"; sourceTree = "<group>"; };
		1873E928208AE3F4003D8B39 /* Info.plist */ = {isa = PBXFileReference; fileEncoding = 4; lastKnownFileType = text.plist.xml; path = Info.plist; sourceTree = "<group>"; };
		1873E929208AE3F4003D8B39 /* MJFoundation.m */ = {isa = PBXFileReference; fileEncoding = 4; lastKnownFileType = sourcecode.c.objc; path = MJFoundation.m; sourceTree = "<group>"; };
		1873E936208B0CE5003D8B39 /* YSLoopBanner.m */ = {isa = PBXFileReference; fileEncoding = 4; lastKnownFileType = sourcecode.c.objc; path = YSLoopBanner.m; sourceTree = "<group>"; };
		1873E937208B0CE6003D8B39 /* YSLoopBanner.h */ = {isa = PBXFileReference; fileEncoding = 4; lastKnownFileType = sourcecode.c.h; path = YSLoopBanner.h; sourceTree = "<group>"; };
		1873E939208B1FA7003D8B39 /* AuthentificationViewController.h */ = {isa = PBXFileReference; lastKnownFileType = sourcecode.c.h; path = AuthentificationViewController.h; sourceTree = "<group>"; };
		1873E93A208B1FA7003D8B39 /* AuthentificationViewController.m */ = {isa = PBXFileReference; lastKnownFileType = sourcecode.c.objc; path = AuthentificationViewController.m; sourceTree = "<group>"; };
		1873E93B208B1FA7003D8B39 /* AuthentificationViewController.xib */ = {isa = PBXFileReference; lastKnownFileType = file.xib; path = AuthentificationViewController.xib; sourceTree = "<group>"; };
		1873E93F208B2890003D8B39 /* TZPhotoPreviewCell.h */ = {isa = PBXFileReference; fileEncoding = 4; lastKnownFileType = sourcecode.c.h; path = TZPhotoPreviewCell.h; sourceTree = "<group>"; };
		1873E940208B2890003D8B39 /* TZPhotoPickerController.h */ = {isa = PBXFileReference; fileEncoding = 4; lastKnownFileType = sourcecode.c.h; path = TZPhotoPickerController.h; sourceTree = "<group>"; };
		1873E941208B2890003D8B39 /* TZImageCropManager.m */ = {isa = PBXFileReference; fileEncoding = 4; lastKnownFileType = sourcecode.c.objc; path = TZImageCropManager.m; sourceTree = "<group>"; };
		1873E942208B2890003D8B39 /* TZImageManager.h */ = {isa = PBXFileReference; fileEncoding = 4; lastKnownFileType = sourcecode.c.h; path = TZImageManager.h; sourceTree = "<group>"; };
		1873E943208B2890003D8B39 /* TZAssetCell.m */ = {isa = PBXFileReference; fileEncoding = 4; lastKnownFileType = sourcecode.c.objc; path = TZAssetCell.m; sourceTree = "<group>"; };
		1873E944208B2890003D8B39 /* TZVideoPlayerController.m */ = {isa = PBXFileReference; fileEncoding = 4; lastKnownFileType = sourcecode.c.objc; path = TZVideoPlayerController.m; sourceTree = "<group>"; };
		1873E945208B2890003D8B39 /* TZAssetModel.m */ = {isa = PBXFileReference; fileEncoding = 4; lastKnownFileType = sourcecode.c.objc; path = TZAssetModel.m; sourceTree = "<group>"; };
		1873E946208B2890003D8B39 /* NSBundle+TZImagePicker.m */ = {isa = PBXFileReference; fileEncoding = 4; lastKnownFileType = sourcecode.c.objc; path = "NSBundle+TZImagePicker.m"; sourceTree = "<group>"; };
		1873E947208B2890003D8B39 /* TZLocationManager.h */ = {isa = PBXFileReference; fileEncoding = 4; lastKnownFileType = sourcecode.c.h; path = TZLocationManager.h; sourceTree = "<group>"; };
		1873E948208B2890003D8B39 /* TZImagePickerController.h */ = {isa = PBXFileReference; fileEncoding = 4; lastKnownFileType = sourcecode.c.h; path = TZImagePickerController.h; sourceTree = "<group>"; };
		1873E949208B2890003D8B39 /* UIView+Layout.m */ = {isa = PBXFileReference; fileEncoding = 4; lastKnownFileType = sourcecode.c.objc; path = "UIView+Layout.m"; sourceTree = "<group>"; };
		1873E94A208B2890003D8B39 /* TZPhotoPreviewController.m */ = {isa = PBXFileReference; fileEncoding = 4; lastKnownFileType = sourcecode.c.objc; path = TZPhotoPreviewController.m; sourceTree = "<group>"; };
		1873E94B208B2890003D8B39 /* TZImagePickerController.bundle */ = {isa = PBXFileReference; lastKnownFileType = "wrapper.plug-in"; path = TZImagePickerController.bundle; sourceTree = "<group>"; };
		1873E94C208B2890003D8B39 /* TZProgressView.m */ = {isa = PBXFileReference; fileEncoding = 4; lastKnownFileType = sourcecode.c.objc; path = TZProgressView.m; sourceTree = "<group>"; };
		1873E94D208B2890003D8B39 /* TZGifPhotoPreviewController.h */ = {isa = PBXFileReference; fileEncoding = 4; lastKnownFileType = sourcecode.c.h; path = TZGifPhotoPreviewController.h; sourceTree = "<group>"; };
		1873E94E208B2890003D8B39 /* TZAssetCell.h */ = {isa = PBXFileReference; fileEncoding = 4; lastKnownFileType = sourcecode.c.h; path = TZAssetCell.h; sourceTree = "<group>"; };
		1873E94F208B2890003D8B39 /* TZImageManager.m */ = {isa = PBXFileReference; fileEncoding = 4; lastKnownFileType = sourcecode.c.objc; path = TZImageManager.m; sourceTree = "<group>"; };
		1873E950208B2890003D8B39 /* TZImageCropManager.h */ = {isa = PBXFileReference; fileEncoding = 4; lastKnownFileType = sourcecode.c.h; path = TZImageCropManager.h; sourceTree = "<group>"; };
		1873E951208B2890003D8B39 /* TZPhotoPickerController.m */ = {isa = PBXFileReference; fileEncoding = 4; lastKnownFileType = sourcecode.c.objc; path = TZPhotoPickerController.m; sourceTree = "<group>"; };
		1873E952208B2890003D8B39 /* TZPhotoPreviewCell.m */ = {isa = PBXFileReference; fileEncoding = 4; lastKnownFileType = sourcecode.c.objc; path = TZPhotoPreviewCell.m; sourceTree = "<group>"; };
		1873E953208B2890003D8B39 /* NSBundle+TZImagePicker.h */ = {isa = PBXFileReference; fileEncoding = 4; lastKnownFileType = sourcecode.c.h; path = "NSBundle+TZImagePicker.h"; sourceTree = "<group>"; };
		1873E954208B2890003D8B39 /* TZAssetModel.h */ = {isa = PBXFileReference; fileEncoding = 4; lastKnownFileType = sourcecode.c.h; path = TZAssetModel.h; sourceTree = "<group>"; };
		1873E955208B2890003D8B39 /* TZVideoPlayerController.h */ = {isa = PBXFileReference; fileEncoding = 4; lastKnownFileType = sourcecode.c.h; path = TZVideoPlayerController.h; sourceTree = "<group>"; };
		1873E956208B2890003D8B39 /* TZPhotoPreviewController.h */ = {isa = PBXFileReference; fileEncoding = 4; lastKnownFileType = sourcecode.c.h; path = TZPhotoPreviewController.h; sourceTree = "<group>"; };
		1873E957208B2890003D8B39 /* UIView+Layout.h */ = {isa = PBXFileReference; fileEncoding = 4; lastKnownFileType = sourcecode.c.h; path = "UIView+Layout.h"; sourceTree = "<group>"; };
		1873E958208B2890003D8B39 /* TZImagePickerController.m */ = {isa = PBXFileReference; fileEncoding = 4; lastKnownFileType = sourcecode.c.objc; path = TZImagePickerController.m; sourceTree = "<group>"; };
		1873E959208B2890003D8B39 /* TZLocationManager.m */ = {isa = PBXFileReference; fileEncoding = 4; lastKnownFileType = sourcecode.c.objc; path = TZLocationManager.m; sourceTree = "<group>"; };
		1873E95A208B2890003D8B39 /* TZGifPhotoPreviewController.m */ = {isa = PBXFileReference; fileEncoding = 4; lastKnownFileType = sourcecode.c.objc; path = TZGifPhotoPreviewController.m; sourceTree = "<group>"; };
		1873E95B208B2890003D8B39 /* TZProgressView.h */ = {isa = PBXFileReference; fileEncoding = 4; lastKnownFileType = sourcecode.c.h; path = TZProgressView.h; sourceTree = "<group>"; };
		1873E96F208B319E003D8B39 /* noPicture.png */ = {isa = PBXFileReference; lastKnownFileType = image.png; path = noPicture.png; sourceTree = "<group>"; };
		1873E971208B7280003D8B39 /* HCArchive.h */ = {isa = PBXFileReference; lastKnownFileType = sourcecode.c.h; path = HCArchive.h; sourceTree = "<group>"; };
		1873E972208B7280003D8B39 /* HCArchive.m */ = {isa = PBXFileReference; lastKnownFileType = sourcecode.c.objc; path = HCArchive.m; sourceTree = "<group>"; };
		1873E999208CDE97003D8B39 /* SelectionCalandarViewController.h */ = {isa = PBXFileReference; lastKnownFileType = sourcecode.c.h; path = SelectionCalandarViewController.h; sourceTree = "<group>"; };
		1873E99A208CDE97003D8B39 /* SelectionCalandarViewController.m */ = {isa = PBXFileReference; lastKnownFileType = sourcecode.c.objc; path = SelectionCalandarViewController.m; sourceTree = "<group>"; };
		1873E99B208CDE97003D8B39 /* SelectionCalandarViewController.xib */ = {isa = PBXFileReference; lastKnownFileType = file.xib; path = SelectionCalandarViewController.xib; sourceTree = "<group>"; };
		1873E99F208CDF27003D8B39 /* JTCalendarSettings.m */ = {isa = PBXFileReference; fileEncoding = 4; lastKnownFileType = sourcecode.c.objc; path = JTCalendarSettings.m; sourceTree = "<group>"; };
		1873E9A0208CDF27003D8B39 /* JTDateHelper.m */ = {isa = PBXFileReference; fileEncoding = 4; lastKnownFileType = sourcecode.c.objc; path = JTDateHelper.m; sourceTree = "<group>"; };
		1873E9A1208CDF27003D8B39 /* JTCalendarManager.h */ = {isa = PBXFileReference; fileEncoding = 4; lastKnownFileType = sourcecode.c.h; path = JTCalendarManager.h; sourceTree = "<group>"; };
		1873E9A2208CDF27003D8B39 /* JTCalendar.h */ = {isa = PBXFileReference; fileEncoding = 4; lastKnownFileType = sourcecode.c.h; path = JTCalendar.h; sourceTree = "<group>"; };
		1873E9A4208CDF27003D8B39 /* JTCalendarDelegateManager.h */ = {isa = PBXFileReference; fileEncoding = 4; lastKnownFileType = sourcecode.c.h; path = JTCalendarDelegateManager.h; sourceTree = "<group>"; };
		1873E9A5208CDF27003D8B39 /* JTCalendarScrollManager.h */ = {isa = PBXFileReference; fileEncoding = 4; lastKnownFileType = sourcecode.c.h; path = JTCalendarScrollManager.h; sourceTree = "<group>"; };
		1873E9A6208CDF27003D8B39 /* JTCalendarScrollManager.m */ = {isa = PBXFileReference; fileEncoding = 4; lastKnownFileType = sourcecode.c.objc; path = JTCalendarScrollManager.m; sourceTree = "<group>"; };
		1873E9A7208CDF27003D8B39 /* JTCalendarDelegateManager.m */ = {isa = PBXFileReference; fileEncoding = 4; lastKnownFileType = sourcecode.c.objc; path = JTCalendarDelegateManager.m; sourceTree = "<group>"; };
		1873E9A8208CDF27003D8B39 /* JTCalendarSettings.h */ = {isa = PBXFileReference; fileEncoding = 4; lastKnownFileType = sourcecode.c.h; path = JTCalendarSettings.h; sourceTree = "<group>"; };
		1873E9A9208CDF27003D8B39 /* JTCalendarManager.m */ = {isa = PBXFileReference; fileEncoding = 4; lastKnownFileType = sourcecode.c.objc; path = JTCalendarManager.m; sourceTree = "<group>"; };
		1873E9AA208CDF27003D8B39 /* JTDateHelper.h */ = {isa = PBXFileReference; fileEncoding = 4; lastKnownFileType = sourcecode.c.h; path = JTDateHelper.h; sourceTree = "<group>"; };
		1873E9AB208CDF27003D8B39 /* JTCalendarDelegate.h */ = {isa = PBXFileReference; fileEncoding = 4; lastKnownFileType = sourcecode.c.h; path = JTCalendarDelegate.h; sourceTree = "<group>"; };
		1873E9AD208CDF27003D8B39 /* JTCalendarDayView.h */ = {isa = PBXFileReference; fileEncoding = 4; lastKnownFileType = sourcecode.c.h; path = JTCalendarDayView.h; sourceTree = "<group>"; };
		1873E9AE208CDF27003D8B39 /* JTVerticalCalendarView.m */ = {isa = PBXFileReference; fileEncoding = 4; lastKnownFileType = sourcecode.c.objc; path = JTVerticalCalendarView.m; sourceTree = "<group>"; };
		1873E9AF208CDF27003D8B39 /* JTCalendarWeekView.h */ = {isa = PBXFileReference; fileEncoding = 4; lastKnownFileType = sourcecode.c.h; path = JTCalendarWeekView.h; sourceTree = "<group>"; };
		1873E9B0208CDF27003D8B39 /* JTCalendarPageView.h */ = {isa = PBXFileReference; fileEncoding = 4; lastKnownFileType = sourcecode.c.h; path = JTCalendarPageView.h; sourceTree = "<group>"; };
		1873E9B1208CDF27003D8B39 /* JTCalendarWeekDayView.m */ = {isa = PBXFileReference; fileEncoding = 4; lastKnownFileType = sourcecode.c.objc; path = JTCalendarWeekDayView.m; sourceTree = "<group>"; };
		1873E9B2208CDF27003D8B39 /* JTCalendarMenuView.h */ = {isa = PBXFileReference; fileEncoding = 4; lastKnownFileType = sourcecode.c.h; path = JTCalendarMenuView.h; sourceTree = "<group>"; };
		1873E9B3208CDF27003D8B39 /* JTHorizontalCalendarView.m */ = {isa = PBXFileReference; fileEncoding = 4; lastKnownFileType = sourcecode.c.objc; path = JTHorizontalCalendarView.m; sourceTree = "<group>"; };
		1873E9B4208CDF27003D8B39 /* JTCalendarWeekView.m */ = {isa = PBXFileReference; fileEncoding = 4; lastKnownFileType = sourcecode.c.objc; path = JTCalendarWeekView.m; sourceTree = "<group>"; };
		1873E9B5208CDF27003D8B39 /* JTVerticalCalendarView.h */ = {isa = PBXFileReference; fileEncoding = 4; lastKnownFileType = sourcecode.c.h; path = JTVerticalCalendarView.h; sourceTree = "<group>"; };
		1873E9B6208CDF27003D8B39 /* JTCalendarDayView.m */ = {isa = PBXFileReference; fileEncoding = 4; lastKnownFileType = sourcecode.c.objc; path = JTCalendarDayView.m; sourceTree = "<group>"; };
		1873E9B7208CDF27003D8B39 /* JTCalendarPageView.m */ = {isa = PBXFileReference; fileEncoding = 4; lastKnownFileType = sourcecode.c.objc; path = JTCalendarPageView.m; sourceTree = "<group>"; };
		1873E9B8208CDF27003D8B39 /* JTHorizontalCalendarView.h */ = {isa = PBXFileReference; fileEncoding = 4; lastKnownFileType = sourcecode.c.h; path = JTHorizontalCalendarView.h; sourceTree = "<group>"; };
		1873E9B9208CDF27003D8B39 /* JTCalendarMenuView.m */ = {isa = PBXFileReference; fileEncoding = 4; lastKnownFileType = sourcecode.c.objc; path = JTCalendarMenuView.m; sourceTree = "<group>"; };
		1873E9BA208CDF27003D8B39 /* JTCalendarWeekDayView.h */ = {isa = PBXFileReference; fileEncoding = 4; lastKnownFileType = sourcecode.c.h; path = JTCalendarWeekDayView.h; sourceTree = "<group>"; };
		1873E9BC208CDF27003D8B39 /* JTCalendarWeek.h */ = {isa = PBXFileReference; fileEncoding = 4; lastKnownFileType = sourcecode.c.h; path = JTCalendarWeek.h; sourceTree = "<group>"; };
		1873E9BD208CDF27003D8B39 /* JTContent.h */ = {isa = PBXFileReference; fileEncoding = 4; lastKnownFileType = sourcecode.c.h; path = JTContent.h; sourceTree = "<group>"; };
		1873E9BE208CDF27003D8B39 /* JTCalendarPage.h */ = {isa = PBXFileReference; fileEncoding = 4; lastKnownFileType = sourcecode.c.h; path = JTCalendarPage.h; sourceTree = "<group>"; };
		1873E9BF208CDF27003D8B39 /* JTCalendarWeekDay.h */ = {isa = PBXFileReference; fileEncoding = 4; lastKnownFileType = sourcecode.c.h; path = JTCalendarWeekDay.h; sourceTree = "<group>"; };
		1873E9C0208CDF27003D8B39 /* JTCalendarDay.h */ = {isa = PBXFileReference; fileEncoding = 4; lastKnownFileType = sourcecode.c.h; path = JTCalendarDay.h; sourceTree = "<group>"; };
		1873E9C1208CDF27003D8B39 /* JTMenu.h */ = {isa = PBXFileReference; fileEncoding = 4; lastKnownFileType = sourcecode.c.h; path = JTMenu.h; sourceTree = "<group>"; };
		1873E9C2208CDF27003D8B39 /* Info.plist */ = {isa = PBXFileReference; fileEncoding = 4; lastKnownFileType = text.plist.xml; path = Info.plist; sourceTree = "<group>"; };
		1879BEC4200201B500C938EC /* AFHTTPSessionManager.h */ = {isa = PBXFileReference; fileEncoding = 4; lastKnownFileType = sourcecode.c.h; path = AFHTTPSessionManager.h; sourceTree = "<group>"; };
		1879BEC5200201B500C938EC /* AFHTTPSessionManager.m */ = {isa = PBXFileReference; fileEncoding = 4; lastKnownFileType = sourcecode.c.objc; path = AFHTTPSessionManager.m; sourceTree = "<group>"; };
		1879BEC6200201B500C938EC /* AFNetworking.h */ = {isa = PBXFileReference; fileEncoding = 4; lastKnownFileType = sourcecode.c.h; path = AFNetworking.h; sourceTree = "<group>"; };
		1879BEC7200201B500C938EC /* AFNetworkReachabilityManager.h */ = {isa = PBXFileReference; fileEncoding = 4; lastKnownFileType = sourcecode.c.h; path = AFNetworkReachabilityManager.h; sourceTree = "<group>"; };
		1879BEC8200201B500C938EC /* AFNetworkReachabilityManager.m */ = {isa = PBXFileReference; fileEncoding = 4; lastKnownFileType = sourcecode.c.objc; path = AFNetworkReachabilityManager.m; sourceTree = "<group>"; };
		1879BEC9200201B500C938EC /* AFSecurityPolicy.h */ = {isa = PBXFileReference; fileEncoding = 4; lastKnownFileType = sourcecode.c.h; path = AFSecurityPolicy.h; sourceTree = "<group>"; };
		1879BECA200201B500C938EC /* AFSecurityPolicy.m */ = {isa = PBXFileReference; fileEncoding = 4; lastKnownFileType = sourcecode.c.objc; path = AFSecurityPolicy.m; sourceTree = "<group>"; };
		1879BECB200201B500C938EC /* AFURLRequestSerialization.h */ = {isa = PBXFileReference; fileEncoding = 4; lastKnownFileType = sourcecode.c.h; path = AFURLRequestSerialization.h; sourceTree = "<group>"; };
		1879BECC200201B500C938EC /* AFURLRequestSerialization.m */ = {isa = PBXFileReference; fileEncoding = 4; lastKnownFileType = sourcecode.c.objc; path = AFURLRequestSerialization.m; sourceTree = "<group>"; };
		1879BECD200201B500C938EC /* AFURLResponseSerialization.h */ = {isa = PBXFileReference; fileEncoding = 4; lastKnownFileType = sourcecode.c.h; path = AFURLResponseSerialization.h; sourceTree = "<group>"; };
		1879BECE200201B500C938EC /* AFURLResponseSerialization.m */ = {isa = PBXFileReference; fileEncoding = 4; lastKnownFileType = sourcecode.c.objc; path = AFURLResponseSerialization.m; sourceTree = "<group>"; };
		1879BECF200201B500C938EC /* AFURLSessionManager.h */ = {isa = PBXFileReference; fileEncoding = 4; lastKnownFileType = sourcecode.c.h; path = AFURLSessionManager.h; sourceTree = "<group>"; };
		1879BED0200201B500C938EC /* AFURLSessionManager.m */ = {isa = PBXFileReference; fileEncoding = 4; lastKnownFileType = sourcecode.c.objc; path = AFURLSessionManager.m; sourceTree = "<group>"; };
		1879BED92002035800C938EC /* ChoiceViewController.h */ = {isa = PBXFileReference; fileEncoding = 4; lastKnownFileType = sourcecode.c.h; path = ChoiceViewController.h; sourceTree = "<group>"; };
		1879BEDA2002035800C938EC /* ChoiceViewController.m */ = {isa = PBXFileReference; fileEncoding = 4; lastKnownFileType = sourcecode.c.objc; path = ChoiceViewController.m; sourceTree = "<group>"; };
		1879BEDB2002035800C938EC /* ChoiceViewController.xib */ = {isa = PBXFileReference; fileEncoding = 4; lastKnownFileType = file.xib; path = ChoiceViewController.xib; sourceTree = "<group>"; };
		1879BEDC2002035800C938EC /* RecomendTableViewCell.h */ = {isa = PBXFileReference; fileEncoding = 4; lastKnownFileType = sourcecode.c.h; path = RecomendTableViewCell.h; sourceTree = "<group>"; };
		1879BEDD2002035800C938EC /* RecomendTableViewCell.m */ = {isa = PBXFileReference; fileEncoding = 4; lastKnownFileType = sourcecode.c.objc; path = RecomendTableViewCell.m; sourceTree = "<group>"; };
		1879BEDE2002035800C938EC /* RecomendTableViewCell.xib */ = {isa = PBXFileReference; fileEncoding = 4; lastKnownFileType = file.xib; path = RecomendTableViewCell.xib; sourceTree = "<group>"; };
		1879BEE02002035800C938EC /* CollectViewController.h */ = {isa = PBXFileReference; fileEncoding = 4; lastKnownFileType = sourcecode.c.h; path = CollectViewController.h; sourceTree = "<group>"; };
		1879BEE12002035800C938EC /* CollectViewController.m */ = {isa = PBXFileReference; fileEncoding = 4; lastKnownFileType = sourcecode.c.objc; path = CollectViewController.m; sourceTree = "<group>"; };
		1879BEE22002035800C938EC /* CollectViewController.xib */ = {isa = PBXFileReference; fileEncoding = 4; lastKnownFileType = file.xib; path = CollectViewController.xib; sourceTree = "<group>"; };
		1879BEE42002035800C938EC /* ChoiceCityViewController.h */ = {isa = PBXFileReference; fileEncoding = 4; lastKnownFileType = sourcecode.c.h; path = ChoiceCityViewController.h; sourceTree = "<group>"; };
		1879BEE52002035800C938EC /* ChoiceCityViewController.m */ = {isa = PBXFileReference; fileEncoding = 4; lastKnownFileType = sourcecode.c.objc; path = ChoiceCityViewController.m; sourceTree = "<group>"; };
		1879BEE62002035800C938EC /* ChoiceCityViewController.xib */ = {isa = PBXFileReference; fileEncoding = 4; lastKnownFileType = file.xib; path = ChoiceCityViewController.xib; sourceTree = "<group>"; };
		1879BEE72002035800C938EC /* FindingViewController.h */ = {isa = PBXFileReference; fileEncoding = 4; lastKnownFileType = sourcecode.c.h; path = FindingViewController.h; sourceTree = "<group>"; };
		1879BEE82002035800C938EC /* FindingViewController.m */ = {isa = PBXFileReference; fileEncoding = 4; lastKnownFileType = sourcecode.c.objc; path = FindingViewController.m; sourceTree = "<group>"; };
		1879BEE92002035800C938EC /* FindingViewController.xib */ = {isa = PBXFileReference; fileEncoding = 4; lastKnownFileType = file.xib; path = FindingViewController.xib; sourceTree = "<group>"; };
		1879BEEB2002035800C938EC /* LoginInputView.h */ = {isa = PBXFileReference; fileEncoding = 4; lastKnownFileType = sourcecode.c.h; path = LoginInputView.h; sourceTree = "<group>"; };
		1879BEEC2002035800C938EC /* LoginInputView.m */ = {isa = PBXFileReference; fileEncoding = 4; lastKnownFileType = sourcecode.c.objc; path = LoginInputView.m; sourceTree = "<group>"; };
		1879BEED2002035800C938EC /* LoginViewController.h */ = {isa = PBXFileReference; fileEncoding = 4; lastKnownFileType = sourcecode.c.h; path = LoginViewController.h; sourceTree = "<group>"; };
		1879BEEE2002035800C938EC /* LoginViewController.m */ = {isa = PBXFileReference; fileEncoding = 4; lastKnownFileType = sourcecode.c.objc; path = LoginViewController.m; sourceTree = "<group>"; };
		1879BEF02002035800C938EC /* MineViewController.h */ = {isa = PBXFileReference; fileEncoding = 4; lastKnownFileType = sourcecode.c.h; path = MineViewController.h; sourceTree = "<group>"; };
		1879BEF12002035800C938EC /* MineViewController.m */ = {isa = PBXFileReference; fileEncoding = 4; lastKnownFileType = sourcecode.c.objc; path = MineViewController.m; sourceTree = "<group>"; };
		1879BEF22002035800C938EC /* MineViewController.xib */ = {isa = PBXFileReference; fileEncoding = 4; lastKnownFileType = file.xib; path = MineViewController.xib; sourceTree = "<group>"; };
		1879BEF42002035800C938EC /* OrderTableViewCell.h */ = {isa = PBXFileReference; fileEncoding = 4; lastKnownFileType = sourcecode.c.h; path = OrderTableViewCell.h; sourceTree = "<group>"; };
		1879BEF52002035800C938EC /* OrderTableViewCell.m */ = {isa = PBXFileReference; fileEncoding = 4; lastKnownFileType = sourcecode.c.objc; path = OrderTableViewCell.m; sourceTree = "<group>"; };
		1879BEF62002035800C938EC /* OrderTableViewCell.xib */ = {isa = PBXFileReference; fileEncoding = 4; lastKnownFileType = file.xib; path = OrderTableViewCell.xib; sourceTree = "<group>"; };
		1879BEF72002035800C938EC /* OrderViewController.h */ = {isa = PBXFileReference; fileEncoding = 4; lastKnownFileType = sourcecode.c.h; path = OrderViewController.h; sourceTree = "<group>"; };
		1879BEF82002035800C938EC /* OrderViewController.m */ = {isa = PBXFileReference; fileEncoding = 4; lastKnownFileType = sourcecode.c.objc; path = OrderViewController.m; sourceTree = "<group>"; };
		1879BEF92002035800C938EC /* OrderViewController.xib */ = {isa = PBXFileReference; fileEncoding = 4; lastKnownFileType = file.xib; path = OrderViewController.xib; sourceTree = "<group>"; };
		18886DD91FE95F0E00851BD2 /* HurricaneCar.app */ = {isa = PBXFileReference; explicitFileType = wrapper.application; includeInIndex = 0; path = HurricaneCar.app; sourceTree = BUILT_PRODUCTS_DIR; };
		18886DDD1FE95F0E00851BD2 /* main.m */ = {isa = PBXFileReference; lastKnownFileType = sourcecode.c.objc; path = main.m; sourceTree = "<group>"; };
		18886DDF1FE95F0E00851BD2 /* AppDelegate.h */ = {isa = PBXFileReference; lastKnownFileType = sourcecode.c.h; path = AppDelegate.h; sourceTree = "<group>"; };
		18886DE01FE95F0E00851BD2 /* AppDelegate.m */ = {isa = PBXFileReference; lastKnownFileType = sourcecode.c.objc; path = AppDelegate.m; sourceTree = "<group>"; };
		18886DE21FE95F0E00851BD2 /* ViewController.h */ = {isa = PBXFileReference; lastKnownFileType = sourcecode.c.h; path = ViewController.h; sourceTree = "<group>"; };
		18886DE31FE95F0E00851BD2 /* ViewController.m */ = {isa = PBXFileReference; lastKnownFileType = sourcecode.c.objc; path = ViewController.m; sourceTree = "<group>"; };
		18886DE61FE95F0E00851BD2 /* Base */ = {isa = PBXFileReference; lastKnownFileType = file.storyboard; name = Base; path = Base.lproj/Main.storyboard; sourceTree = "<group>"; };
		18886DE81FE95F0E00851BD2 /* Assets.xcassets */ = {isa = PBXFileReference; lastKnownFileType = folder.assetcatalog; path = Assets.xcassets; sourceTree = "<group>"; };
		18886DEB1FE95F0E00851BD2 /* Base */ = {isa = PBXFileReference; lastKnownFileType = file.storyboard; name = Base; path = Base.lproj/LaunchScreen.storyboard; sourceTree = "<group>"; };
		18886DED1FE95F0E00851BD2 /* Info.plist */ = {isa = PBXFileReference; lastKnownFileType = text.plist.xml; path = Info.plist; sourceTree = "<group>"; };
		18886DF71FE9620900851BD2 /* define.h */ = {isa = PBXFileReference; lastKnownFileType = sourcecode.c.h; path = define.h; sourceTree = "<group>"; };
		18886DFC1FEAC2D500851BD2 /* PrefixHeader.pch */ = {isa = PBXFileReference; lastKnownFileType = sourcecode.c.h; path = PrefixHeader.pch; sourceTree = "<group>"; };
		18886DFE1FEAC4DC00851BD2 /* index.jpg */ = {isa = PBXFileReference; lastKnownFileType = image.jpeg; path = index.jpg; sourceTree = "<group>"; };
		18CE85BE20935F3E00B97C23 /* AlipaySDK.framework */ = {isa = PBXFileReference; lastKnownFileType = wrapper.framework; path = AlipaySDK.framework; sourceTree = "<group>"; };
		18CE85BF20935F3E00B97C23 /* AlipaySDK.bundle */ = {isa = PBXFileReference; lastKnownFileType = "wrapper.plug-in"; path = AlipaySDK.bundle; sourceTree = "<group>"; };
		18CE85C32093606700B97C23 /* CoreMotion.framework */ = {isa = PBXFileReference; lastKnownFileType = wrapper.framework; name = CoreMotion.framework; path = System/Library/Frameworks/CoreMotion.framework; sourceTree = SDKROOT; };
		18CE85C52093607000B97C23 /* CFNetwork.framework */ = {isa = PBXFileReference; lastKnownFileType = wrapper.framework; name = CFNetwork.framework; path = System/Library/Frameworks/CFNetwork.framework; sourceTree = SDKROOT; };
		18CE85C72093607C00B97C23 /* CoreGraphics.framework */ = {isa = PBXFileReference; lastKnownFileType = wrapper.framework; name = CoreGraphics.framework; path = System/Library/Frameworks/CoreGraphics.framework; sourceTree = SDKROOT; };
		18CE85C92093608D00B97C23 /* CoreText.framework */ = {isa = PBXFileReference; lastKnownFileType = wrapper.framework; name = CoreText.framework; path = System/Library/Frameworks/CoreText.framework; sourceTree = SDKROOT; };
		18CE85CB2093609800B97C23 /* CoreTelephony.framework */ = {isa = PBXFileReference; lastKnownFileType = wrapper.framework; name = CoreTelephony.framework; path = System/Library/Frameworks/CoreTelephony.framework; sourceTree = SDKROOT; };
		18CE85CD209360A300B97C23 /* QuartzCore.framework */ = {isa = PBXFileReference; lastKnownFileType = wrapper.framework; name = QuartzCore.framework; path = System/Library/Frameworks/QuartzCore.framework; sourceTree = SDKROOT; };
		18CE85CF209360B200B97C23 /* SystemConfiguration.framework */ = {isa = PBXFileReference; lastKnownFileType = wrapper.framework; name = SystemConfiguration.framework; path = System/Library/Frameworks/SystemConfiguration.framework; sourceTree = SDKROOT; };
		18CE85D1209360BB00B97C23 /* libz.tbd */ = {isa = PBXFileReference; lastKnownFileType = "sourcecode.text-based-dylib-definition"; name = libz.tbd; path = usr/lib/libz.tbd; sourceTree = SDKROOT; };
		18CE85D3209360C700B97C23 /* libc++.tbd */ = {isa = PBXFileReference; lastKnownFileType = "sourcecode.text-based-dylib-definition"; name = "libc++.tbd"; path = "usr/lib/libc++.tbd"; sourceTree = SDKROOT; };
		18CE85D52098AC6600B97C23 /* Order.h */ = {isa = PBXFileReference; lastKnownFileType = sourcecode.c.h; path = Order.h; sourceTree = "<group>"; };
		18CE85D62098AC6600B97C23 /* Order.m */ = {isa = PBXFileReference; lastKnownFileType = sourcecode.c.objc; path = Order.m; sourceTree = "<group>"; };
/* End PBXFileReference section */

/* Begin PBXFrameworksBuildPhase section */
		18886DD61FE95F0D00851BD2 /* Frameworks */ = {
			isa = PBXFrameworksBuildPhase;
			buildActionMask = 2147483647;
			files = (
				18CE85D4209360C700B97C23 /* libc++.tbd in Frameworks */,
				18CE85D2209360BB00B97C23 /* libz.tbd in Frameworks */,
				18CE85D0209360B200B97C23 /* SystemConfiguration.framework in Frameworks */,
				18CE85CE209360A300B97C23 /* QuartzCore.framework in Frameworks */,
				18CE85CC2093609800B97C23 /* CoreTelephony.framework in Frameworks */,
				18CE85CA2093608D00B97C23 /* CoreText.framework in Frameworks */,
				18CE85C82093607C00B97C23 /* CoreGraphics.framework in Frameworks */,
				18CE85C62093607000B97C23 /* CFNetwork.framework in Frameworks */,
				18CE85C42093606700B97C23 /* CoreMotion.framework in Frameworks */,
				18CE85C020935F3E00B97C23 /* AlipaySDK.framework in Frameworks */,
			);
			runOnlyForDeploymentPostprocessing = 0;
		};
/* End PBXFrameworksBuildPhase section */

/* Begin PBXGroup section */
		185E1C60200204D7005CFAAE /* Common */ = {
			isa = PBXGroup;
			children = (
				1873E935208B0CDB003D8B39 /* views */,
				185E1C61200204D7005CFAAE /* netTools */,
				1873E971208B7280003D8B39 /* HCArchive.h */,
				1873E972208B7280003D8B39 /* HCArchive.m */,
			);
			path = Common;
			sourceTree = "<group>";
		};
		185E1C61200204D7005CFAAE /* netTools */ = {
			isa = PBXGroup;
			children = (
				185E1C62200204F9005CFAAE /* SocketTool.h */,
				185E1C63200204F9005CFAAE /* SocketTool.m */,
			);
			path = netTools;
			sourceTree = "<group>";
		};
		185E1C652002628E005CFAAE /* views */ = {
			isa = PBXGroup;
			children = (
				185E1C66200262B1005CFAAE /* CollectTableViewCell.h */,
				185E1C67200262B1005CFAAE /* CollectTableViewCell.m */,
				185E1C68200262B1005CFAAE /* CollectTableViewCell.xib */,
			);
			name = views;
			sourceTree = "<group>";
		};
		1873E9012086339B003D8B39 /* Others */ = {
			isa = PBXGroup;
			children = (
				1873E902208633A4003D8B39 /* Category */,
			);
			path = Others;
			sourceTree = "<group>";
		};
		1873E902208633A4003D8B39 /* Category */ = {
			isa = PBXGroup;
			children = (
				1873E904208633CF003D8B39 /* UIColor+ConvertColor.h */,
				1873E903208633CF003D8B39 /* UIColor+ConvertColor.m */,
			);
			path = Category;
			sourceTree = "<group>";
		};
		1873E90B2088F3BC003D8B39 /* Damion */ = {
			isa = PBXGroup;
			children = (
				1873E90C2088F3D6003D8B39 /* User.h */,
				1873E90D2088F3D6003D8B39 /* User.m */,
				1873E9102088F46B003D8B39 /* Car.h */,
				1873E9112088F46B003D8B39 /* Car.m */,
				18CE85D52098AC6600B97C23 /* Order.h */,
				18CE85D62098AC6600B97C23 /* Order.m */,
			);
			path = Damion;
			sourceTree = "<group>";
		};
		1873E913208AE3F4003D8B39 /* MJExtension */ = {
			isa = PBXGroup;
			children = (
				1873E914208AE3F4003D8B39 /* MJPropertyKey.h */,
				1873E915208AE3F4003D8B39 /* NSObject+MJClass.h */,
				1873E916208AE3F4003D8B39 /* NSString+MJExtension.h */,
				1873E917208AE3F4003D8B39 /* MJPropertyType.m */,
				1873E918208AE3F4003D8B39 /* NSObject+MJProperty.h */,
				1873E919208AE3F4003D8B39 /* MJExtensionConst.h */,
				1873E91A208AE3F4003D8B39 /* NSObject+MJKeyValue.m */,
				1873E91B208AE3F4003D8B39 /* MJProperty.m */,
				1873E91C208AE3F4003D8B39 /* MJFoundation.h */,
				1873E91D208AE3F4003D8B39 /* NSObject+MJCoding.m */,
				1873E91E208AE3F4003D8B39 /* MJExtension.h */,
				1873E91F208AE3F4003D8B39 /* MJExtensionConst.m */,
				1873E920208AE3F4003D8B39 /* NSObject+MJProperty.m */,
				1873E921208AE3F4003D8B39 /* MJPropertyType.h */,
				1873E922208AE3F4003D8B39 /* NSObject+MJClass.m */,
				1873E923208AE3F4003D8B39 /* NSString+MJExtension.m */,
				1873E924208AE3F4003D8B39 /* MJPropertyKey.m */,
				1873E925208AE3F4003D8B39 /* MJProperty.h */,
				1873E926208AE3F4003D8B39 /* NSObject+MJKeyValue.h */,
				1873E927208AE3F4003D8B39 /* NSObject+MJCoding.h */,
				1873E928208AE3F4003D8B39 /* Info.plist */,
				1873E929208AE3F4003D8B39 /* MJFoundation.m */,
			);
			path = MJExtension;
			sourceTree = "<group>";
		};
		1873E935208B0CDB003D8B39 /* views */ = {
			isa = PBXGroup;
			children = (
				1873E937208B0CE6003D8B39 /* YSLoopBanner.h */,
				1873E936208B0CE5003D8B39 /* YSLoopBanner.m */,
			);
			path = views;
			sourceTree = "<group>";
		};
		1873E93E208B2890003D8B39 /* TZImagePickerController */ = {
			isa = PBXGroup;
			children = (
				1873E93F208B2890003D8B39 /* TZPhotoPreviewCell.h */,
				1873E940208B2890003D8B39 /* TZPhotoPickerController.h */,
				1873E941208B2890003D8B39 /* TZImageCropManager.m */,
				1873E942208B2890003D8B39 /* TZImageManager.h */,
				1873E943208B2890003D8B39 /* TZAssetCell.m */,
				1873E944208B2890003D8B39 /* TZVideoPlayerController.m */,
				1873E945208B2890003D8B39 /* TZAssetModel.m */,
				1873E946208B2890003D8B39 /* NSBundle+TZImagePicker.m */,
				1873E947208B2890003D8B39 /* TZLocationManager.h */,
				1873E948208B2890003D8B39 /* TZImagePickerController.h */,
				1873E949208B2890003D8B39 /* UIView+Layout.m */,
				1873E94A208B2890003D8B39 /* TZPhotoPreviewController.m */,
				1873E94B208B2890003D8B39 /* TZImagePickerController.bundle */,
				1873E94C208B2890003D8B39 /* TZProgressView.m */,
				1873E94D208B2890003D8B39 /* TZGifPhotoPreviewController.h */,
				1873E94E208B2890003D8B39 /* TZAssetCell.h */,
				1873E94F208B2890003D8B39 /* TZImageManager.m */,
				1873E950208B2890003D8B39 /* TZImageCropManager.h */,
				1873E951208B2890003D8B39 /* TZPhotoPickerController.m */,
				1873E952208B2890003D8B39 /* TZPhotoPreviewCell.m */,
				1873E953208B2890003D8B39 /* NSBundle+TZImagePicker.h */,
				1873E954208B2890003D8B39 /* TZAssetModel.h */,
				1873E955208B2890003D8B39 /* TZVideoPlayerController.h */,
				1873E956208B2890003D8B39 /* TZPhotoPreviewController.h */,
				1873E957208B2890003D8B39 /* UIView+Layout.h */,
				1873E958208B2890003D8B39 /* TZImagePickerController.m */,
				1873E959208B2890003D8B39 /* TZLocationManager.m */,
				1873E95A208B2890003D8B39 /* TZGifPhotoPreviewController.m */,
				1873E95B208B2890003D8B39 /* TZProgressView.h */,
			);
			path = TZImagePickerController;
			sourceTree = "<group>";
		};
		1873E99E208CDF27003D8B39 /* JTCalendar */ = {
			isa = PBXGroup;
			children = (
				1873E99F208CDF27003D8B39 /* JTCalendarSettings.m */,
				1873E9A0208CDF27003D8B39 /* JTDateHelper.m */,
				1873E9A1208CDF27003D8B39 /* JTCalendarManager.h */,
				1873E9A2208CDF27003D8B39 /* JTCalendar.h */,
				1873E9A3208CDF27003D8B39 /* Managers */,
				1873E9A8208CDF27003D8B39 /* JTCalendarSettings.h */,
				1873E9A9208CDF27003D8B39 /* JTCalendarManager.m */,
				1873E9AA208CDF27003D8B39 /* JTDateHelper.h */,
				1873E9AB208CDF27003D8B39 /* JTCalendarDelegate.h */,
				1873E9AC208CDF27003D8B39 /* Views */,
				1873E9BB208CDF27003D8B39 /* Protocols */,
				1873E9C2208CDF27003D8B39 /* Info.plist */,
			);
			path = JTCalendar;
			sourceTree = "<group>";
		};
		1873E9A3208CDF27003D8B39 /* Managers */ = {
			isa = PBXGroup;
			children = (
				1873E9A4208CDF27003D8B39 /* JTCalendarDelegateManager.h */,
				1873E9A5208CDF27003D8B39 /* JTCalendarScrollManager.h */,
				1873E9A6208CDF27003D8B39 /* JTCalendarScrollManager.m */,
				1873E9A7208CDF27003D8B39 /* JTCalendarDelegateManager.m */,
			);
			path = Managers;
			sourceTree = "<group>";
		};
		1873E9AC208CDF27003D8B39 /* Views */ = {
			isa = PBXGroup;
			children = (
				1873E9AD208CDF27003D8B39 /* JTCalendarDayView.h */,
				1873E9AE208CDF27003D8B39 /* JTVerticalCalendarView.m */,
				1873E9AF208CDF27003D8B39 /* JTCalendarWeekView.h */,
				1873E9B0208CDF27003D8B39 /* JTCalendarPageView.h */,
				1873E9B1208CDF27003D8B39 /* JTCalendarWeekDayView.m */,
				1873E9B2208CDF27003D8B39 /* JTCalendarMenuView.h */,
				1873E9B3208CDF27003D8B39 /* JTHorizontalCalendarView.m */,
				1873E9B4208CDF27003D8B39 /* JTCalendarWeekView.m */,
				1873E9B5208CDF27003D8B39 /* JTVerticalCalendarView.h */,
				1873E9B6208CDF27003D8B39 /* JTCalendarDayView.m */,
				1873E9B7208CDF27003D8B39 /* JTCalendarPageView.m */,
				1873E9B8208CDF27003D8B39 /* JTHorizontalCalendarView.h */,
				1873E9B9208CDF27003D8B39 /* JTCalendarMenuView.m */,
				1873E9BA208CDF27003D8B39 /* JTCalendarWeekDayView.h */,
			);
			path = Views;
			sourceTree = "<group>";
		};
		1873E9BB208CDF27003D8B39 /* Protocols */ = {
			isa = PBXGroup;
			children = (
				1873E9BC208CDF27003D8B39 /* JTCalendarWeek.h */,
				1873E9BD208CDF27003D8B39 /* JTContent.h */,
				1873E9BE208CDF27003D8B39 /* JTCalendarPage.h */,
				1873E9BF208CDF27003D8B39 /* JTCalendarWeekDay.h */,
				1873E9C0208CDF27003D8B39 /* JTCalendarDay.h */,
				1873E9C1208CDF27003D8B39 /* JTMenu.h */,
			);
			path = Protocols;
			sourceTree = "<group>";
		};
		1879BEC2200201B500C938EC /* librarys */ = {
			isa = PBXGroup;
			children = (
				18CE85BD20935EFF00B97C23 /* ZhiFu */,
				1873E99E208CDF27003D8B39 /* JTCalendar */,
				1873E93E208B2890003D8B39 /* TZImagePickerController */,
				1873E913208AE3F4003D8B39 /* MJExtension */,
				1879BEC3200201B500C938EC /* AFNetworking */,
			);
			path = librarys;
			sourceTree = "<group>";
		};
		1879BEC3200201B500C938EC /* AFNetworking */ = {
			isa = PBXGroup;
			children = (
				1879BEC4200201B500C938EC /* AFHTTPSessionManager.h */,
				1879BEC5200201B500C938EC /* AFHTTPSessionManager.m */,
				1879BEC6200201B500C938EC /* AFNetworking.h */,
				1879BEC7200201B500C938EC /* AFNetworkReachabilityManager.h */,
				1879BEC8200201B500C938EC /* AFNetworkReachabilityManager.m */,
				1879BEC9200201B500C938EC /* AFSecurityPolicy.h */,
				1879BECA200201B500C938EC /* AFSecurityPolicy.m */,
				1879BECB200201B500C938EC /* AFURLRequestSerialization.h */,
				1879BECC200201B500C938EC /* AFURLRequestSerialization.m */,
				1879BECD200201B500C938EC /* AFURLResponseSerialization.h */,
				1879BECE200201B500C938EC /* AFURLResponseSerialization.m */,
				1879BECF200201B500C938EC /* AFURLSessionManager.h */,
				1879BED0200201B500C938EC /* AFURLSessionManager.m */,
			);
			path = AFNetworking;
			sourceTree = "<group>";
		};
		1879BED82002035800C938EC /* Choice */ = {
			isa = PBXGroup;
			children = (
				1879BED92002035800C938EC /* ChoiceViewController.h */,
				1879BEDA2002035800C938EC /* ChoiceViewController.m */,
				1879BEDB2002035800C938EC /* ChoiceViewController.xib */,
				1879BEDC2002035800C938EC /* RecomendTableViewCell.h */,
				1879BEDD2002035800C938EC /* RecomendTableViewCell.m */,
				1879BEDE2002035800C938EC /* RecomendTableViewCell.xib */,
				1873E90620863A2D003D8B39 /* CarInfoViewController.h */,
				1873E90720863A2D003D8B39 /* CarInfoViewController.m */,
				1873E90820863A2D003D8B39 /* CarInfoViewController.xib */,
			);
			path = Choice;
			sourceTree = "<group>";
		};
		1879BEDF2002035800C938EC /* Collect */ = {
			isa = PBXGroup;
			children = (
				185E1C652002628E005CFAAE /* views */,
				1879BEE02002035800C938EC /* CollectViewController.h */,
				1879BEE12002035800C938EC /* CollectViewController.m */,
				1879BEE22002035800C938EC /* CollectViewController.xib */,
			);
			path = Collect;
			sourceTree = "<group>";
		};
		1879BEE32002035800C938EC /* Controllers */ = {
			isa = PBXGroup;
			children = (
				1879BEE42002035800C938EC /* ChoiceCityViewController.h */,
				1879BEE52002035800C938EC /* ChoiceCityViewController.m */,
				1879BEE62002035800C938EC /* ChoiceCityViewController.xib */,
				1879BEE72002035800C938EC /* FindingViewController.h */,
				1879BEE82002035800C938EC /* FindingViewController.m */,
				1879BEE92002035800C938EC /* FindingViewController.xib */,
			);
			path = Controllers;
			sourceTree = "<group>";
		};
		1879BEEA2002035800C938EC /* Login */ = {
			isa = PBXGroup;
			children = (
				1879BEEB2002035800C938EC /* LoginInputView.h */,
				1879BEEC2002035800C938EC /* LoginInputView.m */,
				1879BEED2002035800C938EC /* LoginViewController.h */,
				1879BEEE2002035800C938EC /* LoginViewController.m */,
			);
			path = Login;
			sourceTree = "<group>";
		};
		1879BEEF2002035800C938EC /* Mine */ = {
			isa = PBXGroup;
			children = (
				1879BEF02002035800C938EC /* MineViewController.h */,
				1879BEF12002035800C938EC /* MineViewController.m */,
				1879BEF22002035800C938EC /* MineViewController.xib */,
				1873E939208B1FA7003D8B39 /* AuthentificationViewController.h */,
				1873E93A208B1FA7003D8B39 /* AuthentificationViewController.m */,
				1873E93B208B1FA7003D8B39 /* AuthentificationViewController.xib */,
			);
			path = Mine;
			sourceTree = "<group>";
		};
		1879BEF32002035800C938EC /* Order */ = {
			isa = PBXGroup;
			children = (
				1879BEF42002035800C938EC /* OrderTableViewCell.h */,
				1879BEF52002035800C938EC /* OrderTableViewCell.m */,
				1879BEF62002035800C938EC /* OrderTableViewCell.xib */,
				1879BEF72002035800C938EC /* OrderViewController.h */,
				1879BEF82002035800C938EC /* OrderViewController.m */,
				1879BEF92002035800C938EC /* OrderViewController.xib */,
				1873E999208CDE97003D8B39 /* SelectionCalandarViewController.h */,
				1873E99A208CDE97003D8B39 /* SelectionCalandarViewController.m */,
				1873E99B208CDE97003D8B39 /* SelectionCalandarViewController.xib */,
			);
			path = Order;
			sourceTree = "<group>";
		};
		18886DD01FE95F0D00851BD2 = {
			isa = PBXGroup;
			children = (
				18886DDB1FE95F0E00851BD2 /* HurricaneCar */,
				18886DDA1FE95F0E00851BD2 /* Products */,
				18CE85C22093606700B97C23 /* Frameworks */,
			);
			sourceTree = "<group>";
		};
		18886DDA1FE95F0E00851BD2 /* Products */ = {
			isa = PBXGroup;
			children = (
				18886DD91FE95F0E00851BD2 /* HurricaneCar.app */,
			);
			name = Products;
			sourceTree = "<group>";
		};
		18886DDB1FE95F0E00851BD2 /* HurricaneCar */ = {
			isa = PBXGroup;
			children = (
				18CE85BB20920E5100B97C23 /* ZhiFu */,
				1873E90B2088F3BC003D8B39 /* Damion */,
				1873E9012086339B003D8B39 /* Others */,
				1879BED82002035800C938EC /* Choice */,
				1879BEDF2002035800C938EC /* Collect */,
				1879BEE32002035800C938EC /* Controllers */,
				1879BEEA2002035800C938EC /* Login */,
				1879BEEF2002035800C938EC /* Mine */,
				1879BEF32002035800C938EC /* Order */,
				1879BEC2200201B500C938EC /* librarys */,
				185E1C60200204D7005CFAAE /* Common */,
				18886DDF1FE95F0E00851BD2 /* AppDelegate.h */,
				18886DE01FE95F0E00851BD2 /* AppDelegate.m */,
				18886DE21FE95F0E00851BD2 /* ViewController.h */,
				18886DE31FE95F0E00851BD2 /* ViewController.m */,
				18886DE51FE95F0E00851BD2 /* Main.storyboard */,
				18886DE81FE95F0E00851BD2 /* Assets.xcassets */,
				18886DEA1FE95F0E00851BD2 /* LaunchScreen.storyboard */,
				18886DED1FE95F0E00851BD2 /* Info.plist */,
				18886DDC1FE95F0E00851BD2 /* Supporting Files */,
				18886DF71FE9620900851BD2 /* define.h */,
				18886DFC1FEAC2D500851BD2 /* PrefixHeader.pch */,
				18886DFD1FEAC4DC00851BD2 /* res */,
			);
			path = HurricaneCar;
			sourceTree = "<group>";
		};
		18886DDC1FE95F0E00851BD2 /* Supporting Files */ = {
			isa = PBXGroup;
			children = (
				18886DDD1FE95F0E00851BD2 /* main.m */,
			);
			name = "Supporting Files";
			sourceTree = "<group>";
		};
		18886DFD1FEAC4DC00851BD2 /* res */ = {
			isa = PBXGroup;
			children = (
				1873E96F208B319E003D8B39 /* noPicture.png */,
				18886DFE1FEAC4DC00851BD2 /* index.jpg */,
			);
			path = res;
			sourceTree = "<group>";
		};
		18CE85BB20920E5100B97C23 /* ZhiFu */ = {
			isa = PBXGroup;
			children = (
				18CE85BC20920E5E00B97C23 /* ZhiFubao */,
			);
			path = ZhiFu;
			sourceTree = "<group>";
		};
		18CE85BC20920E5E00B97C23 /* ZhiFubao */ = {
			isa = PBXGroup;
			children = (
			);
			path = ZhiFubao;
			sourceTree = "<group>";
		};
		18CE85BD20935EFF00B97C23 /* ZhiFu */ = {
			isa = PBXGroup;
			children = (
				18CE85BF20935F3E00B97C23 /* AlipaySDK.bundle */,
				18CE85BE20935F3E00B97C23 /* AlipaySDK.framework */,
			);
			path = ZhiFu;
			sourceTree = "<group>";
		};
		18CE85C22093606700B97C23 /* Frameworks */ = {
			isa = PBXGroup;
			children = (
				18CE85D3209360C700B97C23 /* libc++.tbd */,
				18CE85D1209360BB00B97C23 /* libz.tbd */,
				18CE85CF209360B200B97C23 /* SystemConfiguration.framework */,
				18CE85CD209360A300B97C23 /* QuartzCore.framework */,
				18CE85CB2093609800B97C23 /* CoreTelephony.framework */,
				18CE85C92093608D00B97C23 /* CoreText.framework */,
				18CE85C72093607C00B97C23 /* CoreGraphics.framework */,
				18CE85C52093607000B97C23 /* CFNetwork.framework */,
				18CE85C32093606700B97C23 /* CoreMotion.framework */,
			);
			name = Frameworks;
			sourceTree = "<group>";
		};
/* End PBXGroup section */

/* Begin PBXNativeTarget section */
		18886DD81FE95F0D00851BD2 /* HurricaneCar */ = {
			isa = PBXNativeTarget;
			buildConfigurationList = 18886DF01FE95F0E00851BD2 /* Build configuration list for PBXNativeTarget "HurricaneCar" */;
			buildPhases = (
				18886DD51FE95F0D00851BD2 /* Sources */,
				18886DD61FE95F0D00851BD2 /* Frameworks */,
				18886DD71FE95F0D00851BD2 /* Resources */,
			);
			buildRules = (
			);
			dependencies = (
			);
			name = HurricaneCar;
			productName = HurricaneCar;
			productReference = 18886DD91FE95F0E00851BD2 /* HurricaneCar.app */;
			productType = "com.apple.product-type.application";
		};
/* End PBXNativeTarget section */

/* Begin PBXProject section */
		18886DD11FE95F0D00851BD2 /* Project object */ = {
			isa = PBXProject;
			attributes = {
				LastUpgradeCheck = 0820;
				ORGANIZATIONNAME = Future9988x;
				TargetAttributes = {
					18886DD81FE95F0D00851BD2 = {
						CreatedOnToolsVersion = 8.2.1;
						DevelopmentTeam = PSN5L59HKN;
						ProvisioningStyle = Automatic;
					};
				};
			};
			buildConfigurationList = 18886DD41FE95F0D00851BD2 /* Build configuration list for PBXProject "HurricaneCar" */;
			compatibilityVersion = "Xcode 3.2";
			developmentRegion = English;
			hasScannedForEncodings = 0;
			knownRegions = (
				en,
				Base,
			);
			mainGroup = 18886DD01FE95F0D00851BD2;
			productRefGroup = 18886DDA1FE95F0E00851BD2 /* Products */;
			projectDirPath = "";
			projectRoot = "";
			targets = (
				18886DD81FE95F0D00851BD2 /* HurricaneCar */,
			);
		};
/* End PBXProject section */

/* Begin PBXResourcesBuildPhase section */
		18886DD71FE95F0D00851BD2 /* Resources */ = {
			isa = PBXResourcesBuildPhase;
			buildActionMask = 2147483647;
			files = (
				1879BF012002035800C938EC /* ChoiceCityViewController.xib in Resources */,
				1879BEFD2002035800C938EC /* RecomendTableViewCell.xib in Resources */,
				18886DFF1FEAC4DC00851BD2 /* index.jpg in Resources */,
				1873E99D208CDE97003D8B39 /* SelectionCalandarViewController.xib in Resources */,
				18886DEC1FE95F0E00851BD2 /* LaunchScreen.storyboard in Resources */,
				1879BF092002035800C938EC /* OrderTableViewCell.xib in Resources */,
				1873E93D208B1FA7003D8B39 /* AuthentificationViewController.xib in Resources */,
				1873E90A20863A2D003D8B39 /* CarInfoViewController.xib in Resources */,
				1873E9CF208CDF27003D8B39 /* Info.plist in Resources */,
				18CE85C120935F3F00B97C23 /* AlipaySDK.bundle in Resources */,
				1879BF032002035800C938EC /* FindingViewController.xib in Resources */,
				185E1C6A200262B1005CFAAE /* CollectTableViewCell.xib in Resources */,
				1873E933208AE3F4003D8B39 /* Info.plist in Resources */,
				1879BF072002035800C938EC /* MineViewController.xib in Resources */,
				1879BF0B2002035800C938EC /* OrderViewController.xib in Resources */,
				1879BEFB2002035800C938EC /* ChoiceViewController.xib in Resources */,
				18886DE91FE95F0E00851BD2 /* Assets.xcassets in Resources */,
				18886DE71FE95F0E00851BD2 /* Main.storyboard in Resources */,
				1873E970208B319E003D8B39 /* noPicture.png in Resources */,
				1879BEFF2002035800C938EC /* CollectViewController.xib in Resources */,
				1873E963208B2891003D8B39 /* TZImagePickerController.bundle in Resources */,
			);
			runOnlyForDeploymentPostprocessing = 0;
		};
/* End PBXResourcesBuildPhase section */

/* Begin PBXSourcesBuildPhase section */
		18886DD51FE95F0D00851BD2 /* Sources */ = {
			isa = PBXSourcesBuildPhase;
			buildActionMask = 2147483647;
			files = (
				185E1C69200262B1005CFAAE /* CollectTableViewCell.m in Sources */,
				1879BED1200201B500C938EC /* AFHTTPSessionManager.m in Sources */,
				1873E964208B2891003D8B39 /* TZProgressView.m in Sources */,
				1873E9C6208CDF27003D8B39 /* JTCalendarDelegateManager.m in Sources */,
				1879BED2200201B500C938EC /* AFNetworkReachabilityManager.m in Sources */,
				1873E961208B2891003D8B39 /* UIView+Layout.m in Sources */,
				18886DE41FE95F0E00851BD2 /* ViewController.m in Sources */,
				1873E9C5208CDF27003D8B39 /* JTCalendarScrollManager.m in Sources */,
				1879BEFA2002035800C938EC /* ChoiceViewController.m in Sources */,
				1873E95D208B2891003D8B39 /* TZAssetCell.m in Sources */,
				1879BF082002035800C938EC /* OrderTableViewCell.m in Sources */,
				1873E9C8208CDF27003D8B39 /* JTVerticalCalendarView.m in Sources */,
				1873E967208B2891003D8B39 /* TZPhotoPreviewCell.m in Sources */,
				1873E968208B2891003D8B39 /* TZImagePickerController.m in Sources */,
				1873E965208B2891003D8B39 /* TZImageManager.m in Sources */,
				1879BED6200201B500C938EC /* AFURLSessionManager.m in Sources */,
				1873E905208633CF003D8B39 /* UIColor+ConvertColor.m in Sources */,
				1873E934208AE3F4003D8B39 /* MJFoundation.m in Sources */,
				1873E962208B2891003D8B39 /* TZPhotoPreviewController.m in Sources */,
				1873E90E2088F3D6003D8B39 /* User.m in Sources */,
				1879BF042002035800C938EC /* LoginInputView.m in Sources */,
				1873E9CC208CDF27003D8B39 /* JTCalendarDayView.m in Sources */,
				1879BF002002035800C938EC /* ChoiceCityViewController.m in Sources */,
				1873E99C208CDE97003D8B39 /* SelectionCalandarViewController.m in Sources */,
				1879BED5200201B500C938EC /* AFURLResponseSerialization.m in Sources */,
				1879BF052002035800C938EC /* LoginViewController.m in Sources */,
				1873E95F208B2891003D8B39 /* TZAssetModel.m in Sources */,
				1873E9C7208CDF27003D8B39 /* JTCalendarManager.m in Sources */,
				1873E92B208AE3F4003D8B39 /* NSObject+MJKeyValue.m in Sources */,
				1873E92F208AE3F4003D8B39 /* NSObject+MJProperty.m in Sources */,
				1873E9CE208CDF27003D8B39 /* JTCalendarMenuView.m in Sources */,
				1873E9C4208CDF27003D8B39 /* JTDateHelper.m in Sources */,
				1873E92A208AE3F4003D8B39 /* MJPropertyType.m in Sources */,
				185E1C64200204F9005CFAAE /* SocketTool.m in Sources */,
				1873E92E208AE3F4003D8B39 /* MJExtensionConst.m in Sources */,
				1873E9C3208CDF27003D8B39 /* JTCalendarSettings.m in Sources */,
				1873E973208B7280003D8B39 /* HCArchive.m in Sources */,
				18886DE11FE95F0E00851BD2 /* AppDelegate.m in Sources */,
				1873E9CA208CDF27003D8B39 /* JTHorizontalCalendarView.m in Sources */,
				1873E969208B2891003D8B39 /* TZLocationManager.m in Sources */,
				1873E9122088F46B003D8B39 /* Car.m in Sources */,
				1879BEFE2002035800C938EC /* CollectViewController.m in Sources */,
				18CE85D72098AC6600B97C23 /* Order.m in Sources */,
				1873E960208B2891003D8B39 /* NSBundle+TZImagePicker.m in Sources */,
				1879BEFC2002035800C938EC /* RecomendTableViewCell.m in Sources */,
				1879BF062002035800C938EC /* MineViewController.m in Sources */,
				1873E932208AE3F4003D8B39 /* MJPropertyKey.m in Sources */,
				1873E931208AE3F4003D8B39 /* NSString+MJExtension.m in Sources */,
				1879BED4200201B500C938EC /* AFURLRequestSerialization.m in Sources */,
				1873E92D208AE3F4003D8B39 /* NSObject+MJCoding.m in Sources */,
				1879BF0A2002035800C938EC /* OrderViewController.m in Sources */,
				1873E9CB208CDF27003D8B39 /* JTCalendarWeekView.m in Sources */,
				1873E938208B0CE6003D8B39 /* YSLoopBanner.m in Sources */,
				1873E92C208AE3F4003D8B39 /* MJProperty.m in Sources */,
				1873E96A208B2891003D8B39 /* TZGifPhotoPreviewController.m in Sources */,
				1879BED3200201B500C938EC /* AFSecurityPolicy.m in Sources */,
				1873E9C9208CDF27003D8B39 /* JTCalendarWeekDayView.m in Sources */,
				1873E90920863A2D003D8B39 /* CarInfoViewController.m in Sources */,
				1873E95E208B2891003D8B39 /* TZVideoPlayerController.m in Sources */,
				1873E95C208B2891003D8B39 /* TZImageCropManager.m in Sources */,
				1873E930208AE3F4003D8B39 /* NSObject+MJClass.m in Sources */,
				1879BF022002035800C938EC /* FindingViewController.m in Sources */,
				1873E966208B2891003D8B39 /* TZPhotoPickerController.m in Sources */,
				18886DDE1FE95F0E00851BD2 /* main.m in Sources */,
				1873E93C208B1FA7003D8B39 /* AuthentificationViewController.m in Sources */,
				1873E9CD208CDF27003D8B39 /* JTCalendarPageView.m in Sources */,
			);
			runOnlyForDeploymentPostprocessing = 0;
		};
/* End PBXSourcesBuildPhase section */

/* Begin PBXVariantGroup section */
		18886DE51FE95F0E00851BD2 /* Main.storyboard */ = {
			isa = PBXVariantGroup;
			children = (
				18886DE61FE95F0E00851BD2 /* Base */,
			);
			name = Main.storyboard;
			sourceTree = "<group>";
		};
		18886DEA1FE95F0E00851BD2 /* LaunchScreen.storyboard */ = {
			isa = PBXVariantGroup;
			children = (
				18886DEB1FE95F0E00851BD2 /* Base */,
			);
			name = LaunchScreen.storyboard;
			sourceTree = "<group>";
		};
/* End PBXVariantGroup section */

/* Begin XCBuildConfiguration section */
		18886DEE1FE95F0E00851BD2 /* Debug */ = {
			isa = XCBuildConfiguration;
			buildSettings = {
				ALWAYS_SEARCH_USER_PATHS = NO;
				CLANG_ANALYZER_NONNULL = YES;
				CLANG_CXX_LANGUAGE_STANDARD = "gnu++0x";
				CLANG_CXX_LIBRARY = "libc++";
				CLANG_ENABLE_MODULES = YES;
				CLANG_ENABLE_OBJC_ARC = YES;
				CLANG_WARN_BOOL_CONVERSION = YES;
				CLANG_WARN_CONSTANT_CONVERSION = YES;
				CLANG_WARN_DIRECT_OBJC_ISA_USAGE = YES_ERROR;
				CLANG_WARN_DOCUMENTATION_COMMENTS = YES;
				CLANG_WARN_EMPTY_BODY = YES;
				CLANG_WARN_ENUM_CONVERSION = YES;
				CLANG_WARN_INFINITE_RECURSION = YES;
				CLANG_WARN_INT_CONVERSION = YES;
				CLANG_WARN_OBJC_ROOT_CLASS = YES_ERROR;
				CLANG_WARN_SUSPICIOUS_MOVE = YES;
				CLANG_WARN_UNREACHABLE_CODE = YES;
				CLANG_WARN__DUPLICATE_METHOD_MATCH = YES;
				"CODE_SIGN_IDENTITY[sdk=iphoneos*]" = "iPhone Developer";
				COPY_PHASE_STRIP = NO;
				DEBUG_INFORMATION_FORMAT = dwarf;
				ENABLE_STRICT_OBJC_MSGSEND = YES;
				ENABLE_TESTABILITY = YES;
				GCC_C_LANGUAGE_STANDARD = gnu99;
				GCC_DYNAMIC_NO_PIC = NO;
				GCC_NO_COMMON_BLOCKS = YES;
				GCC_OPTIMIZATION_LEVEL = 0;
				GCC_PREPROCESSOR_DEFINITIONS = (
					"DEBUG=1",
					"$(inherited)",
				);
				GCC_WARN_64_TO_32_BIT_CONVERSION = YES;
				GCC_WARN_ABOUT_RETURN_TYPE = YES_ERROR;
				GCC_WARN_UNDECLARED_SELECTOR = YES;
				GCC_WARN_UNINITIALIZED_AUTOS = YES_AGGRESSIVE;
				GCC_WARN_UNUSED_FUNCTION = YES;
				GCC_WARN_UNUSED_VARIABLE = YES;
				IPHONEOS_DEPLOYMENT_TARGET = 10.2;
				MTL_ENABLE_DEBUG_INFO = YES;
				ONLY_ACTIVE_ARCH = YES;
				SDKROOT = iphoneos;
			};
			name = Debug;
		};
		18886DEF1FE95F0E00851BD2 /* Release */ = {
			isa = XCBuildConfiguration;
			buildSettings = {
				ALWAYS_SEARCH_USER_PATHS = NO;
				CLANG_ANALYZER_NONNULL = YES;
				CLANG_CXX_LANGUAGE_STANDARD = "gnu++0x";
				CLANG_CXX_LIBRARY = "libc++";
				CLANG_ENABLE_MODULES = YES;
				CLANG_ENABLE_OBJC_ARC = YES;
				CLANG_WARN_BOOL_CONVERSION = YES;
				CLANG_WARN_CONSTANT_CONVERSION = YES;
				CLANG_WARN_DIRECT_OBJC_ISA_USAGE = YES_ERROR;
				CLANG_WARN_DOCUMENTATION_COMMENTS = YES;
				CLANG_WARN_EMPTY_BODY = YES;
				CLANG_WARN_ENUM_CONVERSION = YES;
				CLANG_WARN_INFINITE_RECURSION = YES;
				CLANG_WARN_INT_CONVERSION = YES;
				CLANG_WARN_OBJC_ROOT_CLASS = YES_ERROR;
				CLANG_WARN_SUSPICIOUS_MOVE = YES;
				CLANG_WARN_UNREACHABLE_CODE = YES;
				CLANG_WARN__DUPLICATE_METHOD_MATCH = YES;
				"CODE_SIGN_IDENTITY[sdk=iphoneos*]" = "iPhone Developer";
				COPY_PHASE_STRIP = NO;
				DEBUG_INFORMATION_FORMAT = "dwarf-with-dsym";
				ENABLE_NS_ASSERTIONS = NO;
				ENABLE_STRICT_OBJC_MSGSEND = YES;
				GCC_C_LANGUAGE_STANDARD = gnu99;
				GCC_NO_COMMON_BLOCKS = YES;
				GCC_WARN_64_TO_32_BIT_CONVERSION = YES;
				GCC_WARN_ABOUT_RETURN_TYPE = YES_ERROR;
				GCC_WARN_UNDECLARED_SELECTOR = YES;
				GCC_WARN_UNINITIALIZED_AUTOS = YES_AGGRESSIVE;
				GCC_WARN_UNUSED_FUNCTION = YES;
				GCC_WARN_UNUSED_VARIABLE = YES;
				IPHONEOS_DEPLOYMENT_TARGET = 10.2;
				MTL_ENABLE_DEBUG_INFO = NO;
				SDKROOT = iphoneos;
				VALIDATE_PRODUCT = YES;
			};
			name = Release;
		};
		18886DF11FE95F0E00851BD2 /* Debug */ = {
			isa = XCBuildConfiguration;
			buildSettings = {
				ASSETCATALOG_COMPILER_APPICON_NAME = AppIcon;
				DEVELOPMENT_TEAM = PSN5L59HKN;
				FRAMEWORK_SEARCH_PATHS = (
					"$(inherited)",
					"$(PROJECT_DIR)/HurricaneCar/librarys/ZhiFu",
				);
				GCC_PREFIX_HEADER = "$(SRCROOT)/HurricaneCar/PrefixHeader.pch";
				INFOPLIST_FILE = HurricaneCar/Info.plist;
				IPHONEOS_DEPLOYMENT_TARGET = 8.0;
				LD_RUNPATH_SEARCH_PATHS = "$(inherited) @executable_path/Frameworks";
				PRODUCT_BUNDLE_IDENTIFIER = com.JufengInc.www;
				PRODUCT_NAME = "$(TARGET_NAME)";
				TARGETED_DEVICE_FAMILY = 1;
			};
			name = Debug;
		};
		18886DF21FE95F0E00851BD2 /* Release */ = {
			isa = XCBuildConfiguration;
			buildSettings = {
				ASSETCATALOG_COMPILER_APPICON_NAME = AppIcon;
				DEVELOPMENT_TEAM = PSN5L59HKN;
				FRAMEWORK_SEARCH_PATHS = (
					"$(inherited)",
					"$(PROJECT_DIR)/HurricaneCar/librarys/ZhiFu",
				);
				GCC_PREFIX_HEADER = "$(SRCROOT)/HurricaneCar/PrefixHeader.pch";
				INFOPLIST_FILE = HurricaneCar/Info.plist;
				IPHONEOS_DEPLOYMENT_TARGET = 8.0;
				LD_RUNPATH_SEARCH_PATHS = "$(inherited) @executable_path/Frameworks";
				PRODUCT_BUNDLE_IDENTIFIER = com.JufengInc.www;
				PRODUCT_NAME = "$(TARGET_NAME)";
				TARGETED_DEVICE_FAMILY = 1;
			};
			name = Release;
		};
/* End XCBuildConfiguration section */

/* Begin XCConfigurationList section */
		18886DD41FE95F0D00851BD2 /* Build configuration list for PBXProject "HurricaneCar" */ = {
			isa = XCConfigurationList;
			buildConfigurations = (
				18886DEE1FE95F0E00851BD2 /* Debug */,
				18886DEF1FE95F0E00851BD2 /* Release */,
			);
			defaultConfigurationIsVisible = 0;
			defaultConfigurationName = Release;
		};
		18886DF01FE95F0E00851BD2 /* Build configuration list for PBXNativeTarget "HurricaneCar" */ = {
			isa = XCConfigurationList;
			buildConfigurations = (
				18886DF11FE95F0E00851BD2 /* Debug */,
				18886DF21FE95F0E00851BD2 /* Release */,
			);
			defaultConfigurationIsVisible = 0;
			defaultConfigurationName = Release;
		};
/* End XCConfigurationList section */
	};
	rootObject = 18886DD11FE95F0D00851BD2 /* Project object */;
}
